// !$*UTF8*$!
{
	archiveVersion = 1;
	classes = {
	};
	objectVersion = 46;
	objects = {

/* Begin PBXBuildFile section */
		0411B99919A6C75E00EA1FEB /* HUD.m in Sources */ = {isa = PBXBuildFile; fileRef = 0411B99819A6C75E00EA1FEB /* HUD.m */; };
		0411B99D19A6E76200EA1FEB /* LifeBaseinfo.m in Sources */ = {isa = PBXBuildFile; fileRef = 0411B99C19A6E76200EA1FEB /* LifeBaseinfo.m */; };
		0411B9A019A6EABC00EA1FEB /* TakeawayInfo.m in Sources */ = {isa = PBXBuildFile; fileRef = 0411B99F19A6EABC00EA1FEB /* TakeawayInfo.m */; };
		0412A7941998971D00A665AD /* BaseMenuView.m in Sources */ = {isa = PBXBuildFile; fileRef = 0412A7931998971D00A665AD /* BaseMenuView.m */; };
		0412A7971998A3FF00A665AD /* RightMenuCell.m in Sources */ = {isa = PBXBuildFile; fileRef = 0412A7961998A3FF00A665AD /* RightMenuCell.m */; };
		0419ADE619D14C8100F57B58 /* libmtasdk.a in Frameworks */ = {isa = PBXBuildFile; fileRef = 0419ADE219D14C8100F57B58 /* libmtasdk.a */; settings = {ATTRIBUTES = (Required, ); }; };
		0419ADE719D14C8200F57B58 /* ReleaseNotes.txt in Resources */ = {isa = PBXBuildFile; fileRef = 0419ADE519D14C8100F57B58 /* ReleaseNotes.txt */; };
		0419ADE919D14CD600F57B58 /* libz.dylib in Frameworks */ = {isa = PBXBuildFile; fileRef = 0419ADE819D14CD600F57B58 /* libz.dylib */; };
		0419ADEB19D14CEA00F57B58 /* libsqlite3.dylib in Frameworks */ = {isa = PBXBuildFile; fileRef = 0419ADEA19D14CEA00F57B58 /* libsqlite3.dylib */; };
		0419ADED19D14CF800F57B58 /* AdSupport.framework in Frameworks */ = {isa = PBXBuildFile; fileRef = 0419ADEC19D14CF800F57B58 /* AdSupport.framework */; };
		0419ADEF19D14D0B00F57B58 /* CoreTelephony.framework in Frameworks */ = {isa = PBXBuildFile; fileRef = 0419ADEE19D14D0B00F57B58 /* CoreTelephony.framework */; };
		0419AE1B19D16A7A00F57B58 /* MKAnnotationView+WebCache.m in Sources */ = {isa = PBXBuildFile; fileRef = 0419ADFB19D16A7A00F57B58 /* MKAnnotationView+WebCache.m */; };
		0419AE1C19D16A7A00F57B58 /* NSData+ImageContentType.m in Sources */ = {isa = PBXBuildFile; fileRef = 0419ADFD19D16A7A00F57B58 /* NSData+ImageContentType.m */; };
		0419AE1D19D16A7A00F57B58 /* SDImageCache.m in Sources */ = {isa = PBXBuildFile; fileRef = 0419ADFF19D16A7A00F57B58 /* SDImageCache.m */; };
		0419AE1E19D16A7A00F57B58 /* SDWebImageCompat.m in Sources */ = {isa = PBXBuildFile; fileRef = 0419AE0119D16A7A00F57B58 /* SDWebImageCompat.m */; };
		0419AE1F19D16A7A00F57B58 /* SDWebImageDecoder.m in Sources */ = {isa = PBXBuildFile; fileRef = 0419AE0319D16A7A00F57B58 /* SDWebImageDecoder.m */; };
		0419AE2019D16A7A00F57B58 /* SDWebImageDownloader.m in Sources */ = {isa = PBXBuildFile; fileRef = 0419AE0519D16A7A00F57B58 /* SDWebImageDownloader.m */; };
		0419AE2119D16A7A00F57B58 /* SDWebImageDownloaderOperation.m in Sources */ = {isa = PBXBuildFile; fileRef = 0419AE0719D16A7A00F57B58 /* SDWebImageDownloaderOperation.m */; };
		0419AE2219D16A7A00F57B58 /* SDWebImageManager.m in Sources */ = {isa = PBXBuildFile; fileRef = 0419AE0919D16A7A00F57B58 /* SDWebImageManager.m */; };
		0419AE2319D16A7A00F57B58 /* SDWebImagePrefetcher.m in Sources */ = {isa = PBXBuildFile; fileRef = 0419AE0C19D16A7A00F57B58 /* SDWebImagePrefetcher.m */; };
		0419AE2419D16A7A00F57B58 /* UIButton+WebCache.m in Sources */ = {isa = PBXBuildFile; fileRef = 0419AE0E19D16A7A00F57B58 /* UIButton+WebCache.m */; };
		0419AE2519D16A7A00F57B58 /* UIImage+GIF.m in Sources */ = {isa = PBXBuildFile; fileRef = 0419AE1019D16A7A00F57B58 /* UIImage+GIF.m */; };
		0419AE2619D16A7A00F57B58 /* UIImage+MultiFormat.m in Sources */ = {isa = PBXBuildFile; fileRef = 0419AE1219D16A7A00F57B58 /* UIImage+MultiFormat.m */; };
		0419AE2719D16A7A00F57B58 /* UIImage+WebP.m in Sources */ = {isa = PBXBuildFile; fileRef = 0419AE1419D16A7A00F57B58 /* UIImage+WebP.m */; };
		0419AE2819D16A7A00F57B58 /* UIImageView+HighlightedWebCache.m in Sources */ = {isa = PBXBuildFile; fileRef = 0419AE1619D16A7A00F57B58 /* UIImageView+HighlightedWebCache.m */; };
		0419AE2919D16A7A00F57B58 /* UIImageView+WebCache.m in Sources */ = {isa = PBXBuildFile; fileRef = 0419AE1819D16A7A00F57B58 /* UIImageView+WebCache.m */; };
		0419AE2A19D16A7A00F57B58 /* UIView+WebCacheOperation.m in Sources */ = {isa = PBXBuildFile; fileRef = 0419AE1A19D16A7A00F57B58 /* UIView+WebCacheOperation.m */; };
		0419AE6819D253CB00F57B58 /* JSONKit.m in Sources */ = {isa = PBXBuildFile; fileRef = 0419AE6719D253CB00F57B58 /* JSONKit.m */; settings = {COMPILER_FLAGS = "-fno-objc-arc"; }; };
		041C8F7619A8279700CE29FE /* WorkInfo.m in Sources */ = {isa = PBXBuildFile; fileRef = 041C8F7519A8279700CE29FE /* WorkInfo.m */; };
		041C8F7919A8488600CE29FE /* TeachInfo.m in Sources */ = {isa = PBXBuildFile; fileRef = 041C8F7819A8488600CE29FE /* TeachInfo.m */; };
		041C8F7C19AAB68300CE29FE /* ShopInfo.m in Sources */ = {isa = PBXBuildFile; fileRef = 041C8F7B19AAB68300CE29FE /* ShopInfo.m */; };
		041C8F7F19AACF1C00CE29FE /* GroupenInfo.m in Sources */ = {isa = PBXBuildFile; fileRef = 041C8F7E19AACF1C00CE29FE /* GroupenInfo.m */; };
		0425FD861990586200ABFFD6 /* Foundation.framework in Frameworks */ = {isa = PBXBuildFile; fileRef = 0425FD851990586200ABFFD6 /* Foundation.framework */; };
		0425FD881990586200ABFFD6 /* CoreGraphics.framework in Frameworks */ = {isa = PBXBuildFile; fileRef = 0425FD871990586200ABFFD6 /* CoreGraphics.framework */; };
		0425FD8A1990586200ABFFD6 /* UIKit.framework in Frameworks */ = {isa = PBXBuildFile; fileRef = 0425FD891990586200ABFFD6 /* UIKit.framework */; };
		0425FD9F1990586200ABFFD6 /* XCTest.framework in Frameworks */ = {isa = PBXBuildFile; fileRef = 0425FD9E1990586200ABFFD6 /* XCTest.framework */; };
		0425FDA01990586200ABFFD6 /* Foundation.framework in Frameworks */ = {isa = PBXBuildFile; fileRef = 0425FD851990586200ABFFD6 /* Foundation.framework */; };
		0425FDA11990586200ABFFD6 /* UIKit.framework in Frameworks */ = {isa = PBXBuildFile; fileRef = 0425FD891990586200ABFFD6 /* UIKit.framework */; };
		0425FDA91990586200ABFFD6 /* InfoPlist.strings in Resources */ = {isa = PBXBuildFile; fileRef = 0425FDA71990586200ABFFD6 /* InfoPlist.strings */; };
		0425FDAB1990586200ABFFD6 /* UUSchoolTests.m in Sources */ = {isa = PBXBuildFile; fileRef = 0425FDAA1990586200ABFFD6 /* UUSchoolTests.m */; };
		044561BE19ECB29D002DACF3 /* AppCache.m in Sources */ = {isa = PBXBuildFile; fileRef = 044561BD19ECB29D002DACF3 /* AppCache.m */; };
		047A84A81991CA7F002A1486 /* NSString+URLEncoding.m in Sources */ = {isa = PBXBuildFile; fileRef = 047A84521991CA7F002A1486 /* NSString+URLEncoding.m */; settings = {COMPILER_FLAGS = "-fno-objc-arc"; }; };
		047A84A91991CA7F002A1486 /* UIBarButtonItem+Addition.m in Sources */ = {isa = PBXBuildFile; fileRef = 047A84541991CA7F002A1486 /* UIBarButtonItem+Addition.m */; };
		047A84AB1991CA7F002A1486 /* AccountInfo.m in Sources */ = {isa = PBXBuildFile; fileRef = 047A845B1991CA7F002A1486 /* AccountInfo.m */; };
		047A84AC1991CA7F002A1486 /* ResultInfo.m in Sources */ = {isa = PBXBuildFile; fileRef = 047A845D1991CA7F002A1486 /* ResultInfo.m */; };
		047A84AD1991CA7F002A1486 /* LoggerClient.m in Sources */ = {isa = PBXBuildFile; fileRef = 047A84601991CA7F002A1486 /* LoggerClient.m */; };
		047A84AF1991CA7F002A1486 /* Utils.m in Sources */ = {isa = PBXBuildFile; fileRef = 047A84671991CA7F002A1486 /* Utils.m */; };
		047A84B01991CA7F002A1486 /* CustemTabBar.m in Sources */ = {isa = PBXBuildFile; fileRef = 047A846B1991CA7F002A1486 /* CustemTabBar.m */; };
		047A84B11991CA7F002A1486 /* MenuItem.m in Sources */ = {isa = PBXBuildFile; fileRef = 047A846D1991CA7F002A1486 /* MenuItem.m */; };
		047A84B21991CA7F002A1486 /* CustomPage.m in Sources */ = {isa = PBXBuildFile; fileRef = 047A84701991CA7F002A1486 /* CustomPage.m */; };
		047A84B31991CA7F002A1486 /* IntroPage.m in Sources */ = {isa = PBXBuildFile; fileRef = 047A84721991CA7F002A1486 /* IntroPage.m */; };
		047A84B41991CA7F002A1486 /* IntroView.m in Sources */ = {isa = PBXBuildFile; fileRef = 047A84741991CA7F002A1486 /* IntroView.m */; };
		047A84B51991CA7F002A1486 /* IntroViewManager.m in Sources */ = {isa = PBXBuildFile; fileRef = 047A84761991CA7F002A1486 /* IntroViewManager.m */; };
		047A84B61991CA7F002A1486 /* InfoPlist.strings in Resources */ = {isa = PBXBuildFile; fileRef = 047A84771991CA7F002A1486 /* InfoPlist.strings */; };
		047A84B71991CA7F002A1486 /* Images.xcassets in Resources */ = {isa = PBXBuildFile; fileRef = 047A84791991CA7F002A1486 /* Images.xcassets */; };
		047A84B81991CA7F002A1486 /* UUMainViewController.m in Sources */ = {isa = PBXBuildFile; fileRef = 047A847E1991CA7F002A1486 /* UUMainViewController.m */; };
		047A84BA1991CA7F002A1486 /* NVCMenuPanel.m in Sources */ = {isa = PBXBuildFile; fileRef = 047A84831991CA7F002A1486 /* NVCMenuPanel.m */; };
		047A84BB1991CA7F002A1486 /* LifeMainViewController.m in Sources */ = {isa = PBXBuildFile; fileRef = 047A84871991CA7F002A1486 /* LifeMainViewController.m */; };
		047A84BC1991CA7F002A1486 /* MineMainViewController.m in Sources */ = {isa = PBXBuildFile; fileRef = 047A848C1991CA7F002A1486 /* MineMainViewController.m */; };
		047A84BD1991CA7F002A1486 /* SchoolMainViewController.m in Sources */ = {isa = PBXBuildFile; fileRef = 047A84911991CA7F002A1486 /* SchoolMainViewController.m */; };
		047A84BE1991CA7F002A1486 /* StudyMainViewController.m in Sources */ = {isa = PBXBuildFile; fileRef = 047A84961991CA7F002A1486 /* StudyMainViewController.m */; };
		047A84BF1991CA7F002A1486 /* main.m in Sources */ = {isa = PBXBuildFile; fileRef = 047A84981991CA7F002A1486 /* main.m */; };
		047A84C31991CA7F002A1486 /* navigation_menu_img.png in Resources */ = {isa = PBXBuildFile; fileRef = 047A84A21991CA7F002A1486 /* navigation_menu_img.png */; };
		047A84C41991CA7F002A1486 /* navigation_menu_img_p.png in Resources */ = {isa = PBXBuildFile; fileRef = 047A84A31991CA7F002A1486 /* navigation_menu_img_p.png */; };
		047A84C51991CA7F002A1486 /* UUAppDelegate.m in Sources */ = {isa = PBXBuildFile; fileRef = 047A84A51991CA7F002A1486 /* UUAppDelegate.m */; };
		047A84C61991CA7F002A1486 /* UUSchool-Info.plist in Resources */ = {isa = PBXBuildFile; fileRef = 047A84A61991CA7F002A1486 /* UUSchool-Info.plist */; };
		047A84C919922170002A1486 /* BaseContentView.m in Sources */ = {isa = PBXBuildFile; fileRef = 047A84C819922170002A1486 /* BaseContentView.m */; };
		047A84CF1992FAC8002A1486 /* TakeawayView.m in Sources */ = {isa = PBXBuildFile; fileRef = 047A84CE1992FAC8002A1486 /* TakeawayView.m */; };
		047F1E1519946D290007EE70 /* BaseCell.m in Sources */ = {isa = PBXBuildFile; fileRef = 047F1E1419946D290007EE70 /* BaseCell.m */; };
		047F1E1819946D7C0007EE70 /* TakeawayCell.m in Sources */ = {isa = PBXBuildFile; fileRef = 047F1E1719946D7C0007EE70 /* TakeawayCell.m */; };
		047F1E1E199481E30007EE70 /* FeatchWorkView.m in Sources */ = {isa = PBXBuildFile; fileRef = 047F1E1D199481E30007EE70 /* FeatchWorkView.m */; };
		047F1E21199482000007EE70 /* WorkCell.m in Sources */ = {isa = PBXBuildFile; fileRef = 047F1E20199482000007EE70 /* WorkCell.m */; };
		047F1E241994A12A0007EE70 /* UIViewController+ReplaceView.m in Sources */ = {isa = PBXBuildFile; fileRef = 047F1E231994A12A0007EE70 /* UIViewController+ReplaceView.m */; };
		047F1E271994AA420007EE70 /* TeachView.m in Sources */ = {isa = PBXBuildFile; fileRef = 047F1E261994AA420007EE70 /* TeachView.m */; };
		047F1E2A1994AA6D0007EE70 /* TeachCell.m in Sources */ = {isa = PBXBuildFile; fileRef = 047F1E291994AA6D0007EE70 /* TeachCell.m */; };
		047F1E2D1994AAA00007EE70 /* ShopCell.m in Sources */ = {isa = PBXBuildFile; fileRef = 047F1E2C1994AAA00007EE70 /* ShopCell.m */; };
		047F1E301994AAB00007EE70 /* ShopView.m in Sources */ = {isa = PBXBuildFile; fileRef = 047F1E2F1994AAB00007EE70 /* ShopView.m */; };
		047F1E321994AB170007EE70 /* 说明文件 in Resources */ = {isa = PBXBuildFile; fileRef = 047F1E311994AB170007EE70 /* 说明文件 */; };
		047F1E351994AC7D0007EE70 /* CoupenView.m in Sources */ = {isa = PBXBuildFile; fileRef = 047F1E341994AC7D0007EE70 /* CoupenView.m */; };
		047F1E381994AC920007EE70 /* CoupenCell.m in Sources */ = {isa = PBXBuildFile; fileRef = 047F1E371994AC920007EE70 /* CoupenCell.m */; };
		047F1E3B1994C8510007EE70 /* UserInfo.m in Sources */ = {isa = PBXBuildFile; fileRef = 047F1E3A1994C8510007EE70 /* UserInfo.m */; };
		04AF1FAB199A09F600678A7D /* AccountManager.m in Sources */ = {isa = PBXBuildFile; fileRef = 04AF1FA5199A09F600678A7D /* AccountManager.m */; };
		04AF1FAC199A09F600678A7D /* FMDBManager+UserInfo.m in Sources */ = {isa = PBXBuildFile; fileRef = 04AF1FA8199A09F600678A7D /* FMDBManager+UserInfo.m */; };
		04AF1FAD199A09F600678A7D /* FMDBManager.m in Sources */ = {isa = PBXBuildFile; fileRef = 04AF1FAA199A09F600678A7D /* FMDBManager.m */; };
		04AF1FB0199A0A6C00678A7D /* DataManager.m in Sources */ = {isa = PBXBuildFile; fileRef = 04AF1FAF199A0A6C00678A7D /* DataManager.m */; };
		04FD704219B44E8E0081AC22 /* HTTPRequestManager.m in Sources */ = {isa = PBXBuildFile; fileRef = 04FD704119B44E8E0081AC22 /* HTTPRequestManager.m */; };
		32DAADAD5495403C8D29F3F2 /* libPods.a in Frameworks */ = {isa = PBXBuildFile; fileRef = 4FE55A25D9DB44379E2D7CFA /* libPods.a */; };
/* End PBXBuildFile section */

/* Begin PBXContainerItemProxy section */
		0425FDA21990586200ABFFD6 /* PBXContainerItemProxy */ = {
			isa = PBXContainerItemProxy;
			containerPortal = 0425FD7A1990586200ABFFD6 /* Project object */;
			proxyType = 1;
			remoteGlobalIDString = 0425FD811990586200ABFFD6;
			remoteInfo = UUSchool;
		};
/* End PBXContainerItemProxy section */

/* Begin PBXFileReference section */
		0411B99719A6C75E00EA1FEB /* HUD.h */ = {isa = PBXFileReference; fileEncoding = 4; lastKnownFileType = sourcecode.c.h; path = HUD.h; sourceTree = "<group>"; };
		0411B99819A6C75E00EA1FEB /* HUD.m */ = {isa = PBXFileReference; fileEncoding = 4; lastKnownFileType = sourcecode.c.objc; path = HUD.m; sourceTree = "<group>"; };
		0411B99B19A6E76200EA1FEB /* LifeBaseinfo.h */ = {isa = PBXFileReference; fileEncoding = 4; lastKnownFileType = sourcecode.c.h; path = LifeBaseinfo.h; sourceTree = "<group>"; };
		0411B99C19A6E76200EA1FEB /* LifeBaseinfo.m */ = {isa = PBXFileReference; fileEncoding = 4; lastKnownFileType = sourcecode.c.objc; path = LifeBaseinfo.m; sourceTree = "<group>"; };
		0411B99E19A6EABC00EA1FEB /* TakeawayInfo.h */ = {isa = PBXFileReference; fileEncoding = 4; lastKnownFileType = sourcecode.c.h; path = TakeawayInfo.h; sourceTree = "<group>"; };
		0411B99F19A6EABC00EA1FEB /* TakeawayInfo.m */ = {isa = PBXFileReference; fileEncoding = 4; lastKnownFileType = sourcecode.c.objc; path = TakeawayInfo.m; sourceTree = "<group>"; };
		0412A7921998971D00A665AD /* BaseMenuView.h */ = {isa = PBXFileReference; fileEncoding = 4; lastKnownFileType = sourcecode.c.h; path = BaseMenuView.h; sourceTree = "<group>"; };
		0412A7931998971D00A665AD /* BaseMenuView.m */ = {isa = PBXFileReference; fileEncoding = 4; lastKnownFileType = sourcecode.c.objc; path = BaseMenuView.m; sourceTree = "<group>"; };
		0412A7951998A3FF00A665AD /* RightMenuCell.h */ = {isa = PBXFileReference; fileEncoding = 4; lastKnownFileType = sourcecode.c.h; path = RightMenuCell.h; sourceTree = "<group>"; };
		0412A7961998A3FF00A665AD /* RightMenuCell.m */ = {isa = PBXFileReference; fileEncoding = 4; lastKnownFileType = sourcecode.c.objc; path = RightMenuCell.m; sourceTree = "<group>"; };
		0419ADE219D14C8100F57B58 /* libmtasdk.a */ = {isa = PBXFileReference; lastKnownFileType = archive.ar; path = libmtasdk.a; sourceTree = "<group>"; };
		0419ADE319D14C8100F57B58 /* MTA.h */ = {isa = PBXFileReference; fileEncoding = 4; lastKnownFileType = sourcecode.c.h; path = MTA.h; sourceTree = "<group>"; };
		0419ADE419D14C8100F57B58 /* MTAConfig.h */ = {isa = PBXFileReference; fileEncoding = 4; lastKnownFileType = sourcecode.c.h; path = MTAConfig.h; sourceTree = "<group>"; };
		0419ADE519D14C8100F57B58 /* ReleaseNotes.txt */ = {isa = PBXFileReference; fileEncoding = 4; lastKnownFileType = text; path = ReleaseNotes.txt; sourceTree = "<group>"; };
		0419ADE819D14CD600F57B58 /* libz.dylib */ = {isa = PBXFileReference; lastKnownFileType = "compiled.mach-o.dylib"; name = libz.dylib; path = usr/lib/libz.dylib; sourceTree = SDKROOT; };
		0419ADEA19D14CEA00F57B58 /* libsqlite3.dylib */ = {isa = PBXFileReference; lastKnownFileType = "compiled.mach-o.dylib"; name = libsqlite3.dylib; path = usr/lib/libsqlite3.dylib; sourceTree = SDKROOT; };
		0419ADEC19D14CF800F57B58 /* AdSupport.framework */ = {isa = PBXFileReference; lastKnownFileType = wrapper.framework; name = AdSupport.framework; path = System/Library/Frameworks/AdSupport.framework; sourceTree = SDKROOT; };
		0419ADEE19D14D0B00F57B58 /* CoreTelephony.framework */ = {isa = PBXFileReference; lastKnownFileType = wrapper.framework; name = CoreTelephony.framework; path = System/Library/Frameworks/CoreTelephony.framework; sourceTree = SDKROOT; };
		0419ADFA19D16A7A00F57B58 /* MKAnnotationView+WebCache.h */ = {isa = PBXFileReference; fileEncoding = 4; lastKnownFileType = sourcecode.c.h; path = "MKAnnotationView+WebCache.h"; sourceTree = "<group>"; };
		0419ADFB19D16A7A00F57B58 /* MKAnnotationView+WebCache.m */ = {isa = PBXFileReference; fileEncoding = 4; lastKnownFileType = sourcecode.c.objc; path = "MKAnnotationView+WebCache.m"; sourceTree = "<group>"; };
		0419ADFC19D16A7A00F57B58 /* NSData+ImageContentType.h */ = {isa = PBXFileReference; fileEncoding = 4; lastKnownFileType = sourcecode.c.h; path = "NSData+ImageContentType.h"; sourceTree = "<group>"; };
		0419ADFD19D16A7A00F57B58 /* NSData+ImageContentType.m */ = {isa = PBXFileReference; fileEncoding = 4; lastKnownFileType = sourcecode.c.objc; path = "NSData+ImageContentType.m"; sourceTree = "<group>"; };
		0419ADFE19D16A7A00F57B58 /* SDImageCache.h */ = {isa = PBXFileReference; fileEncoding = 4; lastKnownFileType = sourcecode.c.h; path = SDImageCache.h; sourceTree = "<group>"; };
		0419ADFF19D16A7A00F57B58 /* SDImageCache.m */ = {isa = PBXFileReference; fileEncoding = 4; lastKnownFileType = sourcecode.c.objc; path = SDImageCache.m; sourceTree = "<group>"; };
		0419AE0019D16A7A00F57B58 /* SDWebImageCompat.h */ = {isa = PBXFileReference; fileEncoding = 4; lastKnownFileType = sourcecode.c.h; path = SDWebImageCompat.h; sourceTree = "<group>"; };
		0419AE0119D16A7A00F57B58 /* SDWebImageCompat.m */ = {isa = PBXFileReference; fileEncoding = 4; lastKnownFileType = sourcecode.c.objc; path = SDWebImageCompat.m; sourceTree = "<group>"; };
		0419AE0219D16A7A00F57B58 /* SDWebImageDecoder.h */ = {isa = PBXFileReference; fileEncoding = 4; lastKnownFileType = sourcecode.c.h; path = SDWebImageDecoder.h; sourceTree = "<group>"; };
		0419AE0319D16A7A00F57B58 /* SDWebImageDecoder.m */ = {isa = PBXFileReference; fileEncoding = 4; lastKnownFileType = sourcecode.c.objc; path = SDWebImageDecoder.m; sourceTree = "<group>"; };
		0419AE0419D16A7A00F57B58 /* SDWebImageDownloader.h */ = {isa = PBXFileReference; fileEncoding = 4; lastKnownFileType = sourcecode.c.h; path = SDWebImageDownloader.h; sourceTree = "<group>"; };
		0419AE0519D16A7A00F57B58 /* SDWebImageDownloader.m */ = {isa = PBXFileReference; fileEncoding = 4; lastKnownFileType = sourcecode.c.objc; path = SDWebImageDownloader.m; sourceTree = "<group>"; };
		0419AE0619D16A7A00F57B58 /* SDWebImageDownloaderOperation.h */ = {isa = PBXFileReference; fileEncoding = 4; lastKnownFileType = sourcecode.c.h; path = SDWebImageDownloaderOperation.h; sourceTree = "<group>"; };
		0419AE0719D16A7A00F57B58 /* SDWebImageDownloaderOperation.m */ = {isa = PBXFileReference; fileEncoding = 4; lastKnownFileType = sourcecode.c.objc; path = SDWebImageDownloaderOperation.m; sourceTree = "<group>"; };
		0419AE0819D16A7A00F57B58 /* SDWebImageManager.h */ = {isa = PBXFileReference; fileEncoding = 4; lastKnownFileType = sourcecode.c.h; path = SDWebImageManager.h; sourceTree = "<group>"; };
		0419AE0919D16A7A00F57B58 /* SDWebImageManager.m */ = {isa = PBXFileReference; fileEncoding = 4; lastKnownFileType = sourcecode.c.objc; path = SDWebImageManager.m; sourceTree = "<group>"; };
		0419AE0A19D16A7A00F57B58 /* SDWebImageOperation.h */ = {isa = PBXFileReference; fileEncoding = 4; lastKnownFileType = sourcecode.c.h; path = SDWebImageOperation.h; sourceTree = "<group>"; };
		0419AE0B19D16A7A00F57B58 /* SDWebImagePrefetcher.h */ = {isa = PBXFileReference; fileEncoding = 4; lastKnownFileType = sourcecode.c.h; path = SDWebImagePrefetcher.h; sourceTree = "<group>"; };
		0419AE0C19D16A7A00F57B58 /* SDWebImagePrefetcher.m */ = {isa = PBXFileReference; fileEncoding = 4; lastKnownFileType = sourcecode.c.objc; path = SDWebImagePrefetcher.m; sourceTree = "<group>"; };
		0419AE0D19D16A7A00F57B58 /* UIButton+WebCache.h */ = {isa = PBXFileReference; fileEncoding = 4; lastKnownFileType = sourcecode.c.h; path = "UIButton+WebCache.h"; sourceTree = "<group>"; };
		0419AE0E19D16A7A00F57B58 /* UIButton+WebCache.m */ = {isa = PBXFileReference; fileEncoding = 4; lastKnownFileType = sourcecode.c.objc; path = "UIButton+WebCache.m"; sourceTree = "<group>"; };
		0419AE0F19D16A7A00F57B58 /* UIImage+GIF.h */ = {isa = PBXFileReference; fileEncoding = 4; lastKnownFileType = sourcecode.c.h; path = "UIImage+GIF.h"; sourceTree = "<group>"; };
		0419AE1019D16A7A00F57B58 /* UIImage+GIF.m */ = {isa = PBXFileReference; fileEncoding = 4; lastKnownFileType = sourcecode.c.objc; path = "UIImage+GIF.m"; sourceTree = "<group>"; };
		0419AE1119D16A7A00F57B58 /* UIImage+MultiFormat.h */ = {isa = PBXFileReference; fileEncoding = 4; lastKnownFileType = sourcecode.c.h; path = "UIImage+MultiFormat.h"; sourceTree = "<group>"; };
		0419AE1219D16A7A00F57B58 /* UIImage+MultiFormat.m */ = {isa = PBXFileReference; fileEncoding = 4; lastKnownFileType = sourcecode.c.objc; path = "UIImage+MultiFormat.m"; sourceTree = "<group>"; };
		0419AE1319D16A7A00F57B58 /* UIImage+WebP.h */ = {isa = PBXFileReference; fileEncoding = 4; lastKnownFileType = sourcecode.c.h; path = "UIImage+WebP.h"; sourceTree = "<group>"; };
		0419AE1419D16A7A00F57B58 /* UIImage+WebP.m */ = {isa = PBXFileReference; fileEncoding = 4; lastKnownFileType = sourcecode.c.objc; path = "UIImage+WebP.m"; sourceTree = "<group>"; };
		0419AE1519D16A7A00F57B58 /* UIImageView+HighlightedWebCache.h */ = {isa = PBXFileReference; fileEncoding = 4; lastKnownFileType = sourcecode.c.h; path = "UIImageView+HighlightedWebCache.h"; sourceTree = "<group>"; };
		0419AE1619D16A7A00F57B58 /* UIImageView+HighlightedWebCache.m */ = {isa = PBXFileReference; fileEncoding = 4; lastKnownFileType = sourcecode.c.objc; path = "UIImageView+HighlightedWebCache.m"; sourceTree = "<group>"; };
		0419AE1719D16A7A00F57B58 /* UIImageView+WebCache.h */ = {isa = PBXFileReference; fileEncoding = 4; lastKnownFileType = sourcecode.c.h; path = "UIImageView+WebCache.h"; sourceTree = "<group>"; };
		0419AE1819D16A7A00F57B58 /* UIImageView+WebCache.m */ = {isa = PBXFileReference; fileEncoding = 4; lastKnownFileType = sourcecode.c.objc; path = "UIImageView+WebCache.m"; sourceTree = "<group>"; };
		0419AE1919D16A7A00F57B58 /* UIView+WebCacheOperation.h */ = {isa = PBXFileReference; fileEncoding = 4; lastKnownFileType = sourcecode.c.h; path = "UIView+WebCacheOperation.h"; sourceTree = "<group>"; };
		0419AE1A19D16A7A00F57B58 /* UIView+WebCacheOperation.m */ = {isa = PBXFileReference; fileEncoding = 4; lastKnownFileType = sourcecode.c.objc; path = "UIView+WebCacheOperation.m"; sourceTree = "<group>"; };
		0419AE6619D253CB00F57B58 /* JSONKit.h */ = {isa = PBXFileReference; fileEncoding = 4; lastKnownFileType = sourcecode.c.h; path = JSONKit.h; sourceTree = "<group>"; };
		0419AE6719D253CB00F57B58 /* JSONKit.m */ = {isa = PBXFileReference; fileEncoding = 4; lastKnownFileType = sourcecode.c.objc; path = JSONKit.m; sourceTree = "<group>"; };
		041C8F7419A8279700CE29FE /* WorkInfo.h */ = {isa = PBXFileReference; fileEncoding = 4; lastKnownFileType = sourcecode.c.h; path = WorkInfo.h; sourceTree = "<group>"; };
		041C8F7519A8279700CE29FE /* WorkInfo.m */ = {isa = PBXFileReference; fileEncoding = 4; lastKnownFileType = sourcecode.c.objc; path = WorkInfo.m; sourceTree = "<group>"; };
		041C8F7719A8488600CE29FE /* TeachInfo.h */ = {isa = PBXFileReference; fileEncoding = 4; lastKnownFileType = sourcecode.c.h; path = TeachInfo.h; sourceTree = "<group>"; };
		041C8F7819A8488600CE29FE /* TeachInfo.m */ = {isa = PBXFileReference; fileEncoding = 4; lastKnownFileType = sourcecode.c.objc; path = TeachInfo.m; sourceTree = "<group>"; };
		041C8F7A19AAB68300CE29FE /* ShopInfo.h */ = {isa = PBXFileReference; fileEncoding = 4; lastKnownFileType = sourcecode.c.h; path = ShopInfo.h; sourceTree = "<group>"; };
		041C8F7B19AAB68300CE29FE /* ShopInfo.m */ = {isa = PBXFileReference; fileEncoding = 4; lastKnownFileType = sourcecode.c.objc; path = ShopInfo.m; sourceTree = "<group>"; };
		041C8F7D19AACF1C00CE29FE /* GroupenInfo.h */ = {isa = PBXFileReference; fileEncoding = 4; lastKnownFileType = sourcecode.c.h; path = GroupenInfo.h; sourceTree = "<group>"; };
		041C8F7E19AACF1C00CE29FE /* GroupenInfo.m */ = {isa = PBXFileReference; fileEncoding = 4; lastKnownFileType = sourcecode.c.objc; path = GroupenInfo.m; sourceTree = "<group>"; };
		0425FD821990586200ABFFD6 /* UUSchool.app */ = {isa = PBXFileReference; explicitFileType = wrapper.application; includeInIndex = 0; path = UUSchool.app; sourceTree = BUILT_PRODUCTS_DIR; };
		0425FD851990586200ABFFD6 /* Foundation.framework */ = {isa = PBXFileReference; lastKnownFileType = wrapper.framework; name = Foundation.framework; path = System/Library/Frameworks/Foundation.framework; sourceTree = SDKROOT; };
		0425FD871990586200ABFFD6 /* CoreGraphics.framework */ = {isa = PBXFileReference; lastKnownFileType = wrapper.framework; name = CoreGraphics.framework; path = System/Library/Frameworks/CoreGraphics.framework; sourceTree = SDKROOT; };
		0425FD891990586200ABFFD6 /* UIKit.framework */ = {isa = PBXFileReference; lastKnownFileType = wrapper.framework; name = UIKit.framework; path = System/Library/Frameworks/UIKit.framework; sourceTree = SDKROOT; };
		0425FD9D1990586200ABFFD6 /* UUSchoolTests.xctest */ = {isa = PBXFileReference; explicitFileType = wrapper.cfbundle; includeInIndex = 0; path = UUSchoolTests.xctest; sourceTree = BUILT_PRODUCTS_DIR; };
		0425FD9E1990586200ABFFD6 /* XCTest.framework */ = {isa = PBXFileReference; lastKnownFileType = wrapper.framework; name = XCTest.framework; path = Library/Frameworks/XCTest.framework; sourceTree = DEVELOPER_DIR; };
		0425FDA61990586200ABFFD6 /* UUSchoolTests-Info.plist */ = {isa = PBXFileReference; lastKnownFileType = text.plist.xml; path = "UUSchoolTests-Info.plist"; sourceTree = "<group>"; };
		0425FDA81990586200ABFFD6 /* en */ = {isa = PBXFileReference; lastKnownFileType = text.plist.strings; name = en; path = en.lproj/InfoPlist.strings; sourceTree = "<group>"; };
		0425FDAA1990586200ABFFD6 /* UUSchoolTests.m */ = {isa = PBXFileReference; lastKnownFileType = sourcecode.c.objc; path = UUSchoolTests.m; sourceTree = "<group>"; };
		044561BC19ECB29D002DACF3 /* AppCache.h */ = {isa = PBXFileReference; fileEncoding = 4; lastKnownFileType = sourcecode.c.h; path = AppCache.h; sourceTree = "<group>"; };
		044561BD19ECB29D002DACF3 /* AppCache.m */ = {isa = PBXFileReference; fileEncoding = 4; lastKnownFileType = sourcecode.c.objc; path = AppCache.m; sourceTree = "<group>"; };
		047A84511991CA7F002A1486 /* NSString+URLEncoding.h */ = {isa = PBXFileReference; fileEncoding = 4; lastKnownFileType = sourcecode.c.h; path = "NSString+URLEncoding.h"; sourceTree = "<group>"; };
		047A84521991CA7F002A1486 /* NSString+URLEncoding.m */ = {isa = PBXFileReference; fileEncoding = 4; lastKnownFileType = sourcecode.c.objc; path = "NSString+URLEncoding.m"; sourceTree = "<group>"; };
		047A84531991CA7F002A1486 /* UIBarButtonItem+Addition.h */ = {isa = PBXFileReference; fileEncoding = 4; lastKnownFileType = sourcecode.c.h; path = "UIBarButtonItem+Addition.h"; sourceTree = "<group>"; };
		047A84541991CA7F002A1486 /* UIBarButtonItem+Addition.m */ = {isa = PBXFileReference; fileEncoding = 4; lastKnownFileType = sourcecode.c.objc; path = "UIBarButtonItem+Addition.m"; sourceTree = "<group>"; };
		047A84581991CA7F002A1486 /* AppConfig.h */ = {isa = PBXFileReference; fileEncoding = 4; lastKnownFileType = sourcecode.c.h; path = AppConfig.h; sourceTree = "<group>"; };
		047A845A1991CA7F002A1486 /* AccountInfo.h */ = {isa = PBXFileReference; fileEncoding = 4; lastKnownFileType = sourcecode.c.h; path = AccountInfo.h; sourceTree = "<group>"; };
		047A845B1991CA7F002A1486 /* AccountInfo.m */ = {isa = PBXFileReference; fileEncoding = 4; lastKnownFileType = sourcecode.c.objc; path = AccountInfo.m; sourceTree = "<group>"; };
		047A845C1991CA7F002A1486 /* ResultInfo.h */ = {isa = PBXFileReference; fileEncoding = 4; lastKnownFileType = sourcecode.c.h; path = ResultInfo.h; sourceTree = "<group>"; };
		047A845D1991CA7F002A1486 /* ResultInfo.m */ = {isa = PBXFileReference; fileEncoding = 4; lastKnownFileType = sourcecode.c.objc; path = ResultInfo.m; sourceTree = "<group>"; };
		047A845F1991CA7F002A1486 /* LoggerClient.h */ = {isa = PBXFileReference; fileEncoding = 4; lastKnownFileType = sourcecode.c.h; path = LoggerClient.h; sourceTree = "<group>"; };
		047A84601991CA7F002A1486 /* LoggerClient.m */ = {isa = PBXFileReference; fileEncoding = 4; lastKnownFileType = sourcecode.c.objc; path = LoggerClient.m; sourceTree = "<group>"; };
		047A84611991CA7F002A1486 /* LoggerCommon.h */ = {isa = PBXFileReference; fileEncoding = 4; lastKnownFileType = sourcecode.c.h; path = LoggerCommon.h; sourceTree = "<group>"; };
		047A84621991CA7F002A1486 /* NSLogger.h */ = {isa = PBXFileReference; fileEncoding = 4; lastKnownFileType = sourcecode.c.h; path = NSLogger.h; sourceTree = "<group>"; };
		047A84661991CA7F002A1486 /* Utils.h */ = {isa = PBXFileReference; fileEncoding = 4; lastKnownFileType = sourcecode.c.h; path = Utils.h; sourceTree = "<group>"; };
		047A84671991CA7F002A1486 /* Utils.m */ = {isa = PBXFileReference; fileEncoding = 4; lastKnownFileType = sourcecode.c.objc; path = Utils.m; sourceTree = "<group>"; };
		047A846A1991CA7F002A1486 /* CustemTabBar.h */ = {isa = PBXFileReference; fileEncoding = 4; lastKnownFileType = sourcecode.c.h; path = CustemTabBar.h; sourceTree = "<group>"; };
		047A846B1991CA7F002A1486 /* CustemTabBar.m */ = {isa = PBXFileReference; fileEncoding = 4; lastKnownFileType = sourcecode.c.objc; path = CustemTabBar.m; sourceTree = "<group>"; };
		047A846C1991CA7F002A1486 /* MenuItem.h */ = {isa = PBXFileReference; fileEncoding = 4; lastKnownFileType = sourcecode.c.h; path = MenuItem.h; sourceTree = "<group>"; };
		047A846D1991CA7F002A1486 /* MenuItem.m */ = {isa = PBXFileReference; fileEncoding = 4; lastKnownFileType = sourcecode.c.objc; path = MenuItem.m; sourceTree = "<group>"; };
		047A846F1991CA7F002A1486 /* CustomPage.h */ = {isa = PBXFileReference; fileEncoding = 4; lastKnownFileType = sourcecode.c.h; path = CustomPage.h; sourceTree = "<group>"; };
		047A84701991CA7F002A1486 /* CustomPage.m */ = {isa = PBXFileReference; fileEncoding = 4; lastKnownFileType = sourcecode.c.objc; path = CustomPage.m; sourceTree = "<group>"; };
		047A84711991CA7F002A1486 /* IntroPage.h */ = {isa = PBXFileReference; fileEncoding = 4; lastKnownFileType = sourcecode.c.h; path = IntroPage.h; sourceTree = "<group>"; };
		047A84721991CA7F002A1486 /* IntroPage.m */ = {isa = PBXFileReference; fileEncoding = 4; lastKnownFileType = sourcecode.c.objc; path = IntroPage.m; sourceTree = "<group>"; };
		047A84731991CA7F002A1486 /* IntroView.h */ = {isa = PBXFileReference; fileEncoding = 4; lastKnownFileType = sourcecode.c.h; path = IntroView.h; sourceTree = "<group>"; };
		047A84741991CA7F002A1486 /* IntroView.m */ = {isa = PBXFileReference; fileEncoding = 4; lastKnownFileType = sourcecode.c.objc; path = IntroView.m; sourceTree = "<group>"; };
		047A84751991CA7F002A1486 /* IntroViewManager.h */ = {isa = PBXFileReference; fileEncoding = 4; lastKnownFileType = sourcecode.c.h; path = IntroViewManager.h; sourceTree = "<group>"; };
		047A84761991CA7F002A1486 /* IntroViewManager.m */ = {isa = PBXFileReference; fileEncoding = 4; lastKnownFileType = sourcecode.c.objc; path = IntroViewManager.m; sourceTree = "<group>"; };
		047A84781991CA7F002A1486 /* en */ = {isa = PBXFileReference; lastKnownFileType = text.plist.strings; name = en; path = en.lproj/InfoPlist.strings; sourceTree = "<group>"; };
		047A84791991CA7F002A1486 /* Images.xcassets */ = {isa = PBXFileReference; lastKnownFileType = folder.assetcatalog; path = Images.xcassets; sourceTree = "<group>"; };
		047A847D1991CA7F002A1486 /* UUMainViewController.h */ = {isa = PBXFileReference; fileEncoding = 4; lastKnownFileType = sourcecode.c.h; path = UUMainViewController.h; sourceTree = "<group>"; };
		047A847E1991CA7F002A1486 /* UUMainViewController.m */ = {isa = PBXFileReference; fileEncoding = 4; lastKnownFileType = sourcecode.c.objc; path = UUMainViewController.m; sourceTree = "<group>"; };
		047A84821991CA7F002A1486 /* NVCMenuPanel.h */ = {isa = PBXFileReference; fileEncoding = 4; lastKnownFileType = sourcecode.c.h; path = NVCMenuPanel.h; sourceTree = "<group>"; };
		047A84831991CA7F002A1486 /* NVCMenuPanel.m */ = {isa = PBXFileReference; fileEncoding = 4; lastKnownFileType = sourcecode.c.objc; path = NVCMenuPanel.m; sourceTree = "<group>"; };
		047A84861991CA7F002A1486 /* LifeMainViewController.h */ = {isa = PBXFileReference; fileEncoding = 4; lastKnownFileType = sourcecode.c.h; path = LifeMainViewController.h; sourceTree = "<group>"; };
		047A84871991CA7F002A1486 /* LifeMainViewController.m */ = {isa = PBXFileReference; fileEncoding = 4; lastKnownFileType = sourcecode.c.objc; path = LifeMainViewController.m; sourceTree = "<group>"; };
		047A848B1991CA7F002A1486 /* MineMainViewController.h */ = {isa = PBXFileReference; fileEncoding = 4; lastKnownFileType = sourcecode.c.h; path = MineMainViewController.h; sourceTree = "<group>"; };
		047A848C1991CA7F002A1486 /* MineMainViewController.m */ = {isa = PBXFileReference; fileEncoding = 4; lastKnownFileType = sourcecode.c.objc; path = MineMainViewController.m; sourceTree = "<group>"; };
		047A84901991CA7F002A1486 /* SchoolMainViewController.h */ = {isa = PBXFileReference; fileEncoding = 4; lastKnownFileType = sourcecode.c.h; path = SchoolMainViewController.h; sourceTree = "<group>"; };
		047A84911991CA7F002A1486 /* SchoolMainViewController.m */ = {isa = PBXFileReference; fileEncoding = 4; lastKnownFileType = sourcecode.c.objc; path = SchoolMainViewController.m; sourceTree = "<group>"; };
		047A84951991CA7F002A1486 /* StudyMainViewController.h */ = {isa = PBXFileReference; fileEncoding = 4; lastKnownFileType = sourcecode.c.h; path = StudyMainViewController.h; sourceTree = "<group>"; };
		047A84961991CA7F002A1486 /* StudyMainViewController.m */ = {isa = PBXFileReference; fileEncoding = 4; lastKnownFileType = sourcecode.c.objc; path = StudyMainViewController.m; sourceTree = "<group>"; };
		047A84981991CA7F002A1486 /* main.m */ = {isa = PBXFileReference; fileEncoding = 4; lastKnownFileType = sourcecode.c.objc; path = main.m; sourceTree = "<group>"; };
		047A84A21991CA7F002A1486 /* navigation_menu_img.png */ = {isa = PBXFileReference; lastKnownFileType = image.png; path = navigation_menu_img.png; sourceTree = "<group>"; };
		047A84A31991CA7F002A1486 /* navigation_menu_img_p.png */ = {isa = PBXFileReference; lastKnownFileType = image.png; path = navigation_menu_img_p.png; sourceTree = "<group>"; };
		047A84A41991CA7F002A1486 /* UUAppDelegate.h */ = {isa = PBXFileReference; fileEncoding = 4; lastKnownFileType = sourcecode.c.h; path = UUAppDelegate.h; sourceTree = "<group>"; };
		047A84A51991CA7F002A1486 /* UUAppDelegate.m */ = {isa = PBXFileReference; fileEncoding = 4; lastKnownFileType = sourcecode.c.objc; path = UUAppDelegate.m; sourceTree = "<group>"; };
		047A84A61991CA7F002A1486 /* UUSchool-Info.plist */ = {isa = PBXFileReference; fileEncoding = 4; lastKnownFileType = text.plist.xml; path = "UUSchool-Info.plist"; sourceTree = "<group>"; };
		047A84A71991CA7F002A1486 /* UUSchool-Prefix.pch */ = {isa = PBXFileReference; fileEncoding = 4; lastKnownFileType = sourcecode.c.h; path = "UUSchool-Prefix.pch"; sourceTree = "<group>"; };
		047A84C719922170002A1486 /* BaseContentView.h */ = {isa = PBXFileReference; fileEncoding = 4; lastKnownFileType = sourcecode.c.h; path = BaseContentView.h; sourceTree = "<group>"; };
		047A84C819922170002A1486 /* BaseContentView.m */ = {isa = PBXFileReference; fileEncoding = 4; lastKnownFileType = sourcecode.c.objc; path = BaseContentView.m; sourceTree = "<group>"; };
		047A84CD1992FAC8002A1486 /* TakeawayView.h */ = {isa = PBXFileReference; fileEncoding = 4; lastKnownFileType = sourcecode.c.h; path = TakeawayView.h; sourceTree = "<group>"; };
		047A84CE1992FAC8002A1486 /* TakeawayView.m */ = {isa = PBXFileReference; fileEncoding = 4; lastKnownFileType = sourcecode.c.objc; path = TakeawayView.m; sourceTree = "<group>"; };
		047F1E1319946D290007EE70 /* BaseCell.h */ = {isa = PBXFileReference; fileEncoding = 4; lastKnownFileType = sourcecode.c.h; path = BaseCell.h; sourceTree = "<group>"; };
		047F1E1419946D290007EE70 /* BaseCell.m */ = {isa = PBXFileReference; fileEncoding = 4; lastKnownFileType = sourcecode.c.objc; path = BaseCell.m; sourceTree = "<group>"; };
		047F1E1619946D7C0007EE70 /* TakeawayCell.h */ = {isa = PBXFileReference; fileEncoding = 4; lastKnownFileType = sourcecode.c.h; path = TakeawayCell.h; sourceTree = "<group>"; };
		047F1E1719946D7C0007EE70 /* TakeawayCell.m */ = {isa = PBXFileReference; fileEncoding = 4; lastKnownFileType = sourcecode.c.objc; path = TakeawayCell.m; sourceTree = "<group>"; };
		047F1E1C199481E30007EE70 /* FeatchWorkView.h */ = {isa = PBXFileReference; fileEncoding = 4; lastKnownFileType = sourcecode.c.h; path = FeatchWorkView.h; sourceTree = "<group>"; };
		047F1E1D199481E30007EE70 /* FeatchWorkView.m */ = {isa = PBXFileReference; fileEncoding = 4; lastKnownFileType = sourcecode.c.objc; path = FeatchWorkView.m; sourceTree = "<group>"; };
		047F1E1F199482000007EE70 /* WorkCell.h */ = {isa = PBXFileReference; fileEncoding = 4; lastKnownFileType = sourcecode.c.h; path = WorkCell.h; sourceTree = "<group>"; };
		047F1E20199482000007EE70 /* WorkCell.m */ = {isa = PBXFileReference; fileEncoding = 4; lastKnownFileType = sourcecode.c.objc; path = WorkCell.m; sourceTree = "<group>"; };
		047F1E221994A12A0007EE70 /* UIViewController+ReplaceView.h */ = {isa = PBXFileReference; fileEncoding = 4; lastKnownFileType = sourcecode.c.h; path = "UIViewController+ReplaceView.h"; sourceTree = "<group>"; };
		047F1E231994A12A0007EE70 /* UIViewController+ReplaceView.m */ = {isa = PBXFileReference; fileEncoding = 4; lastKnownFileType = sourcecode.c.objc; path = "UIViewController+ReplaceView.m"; sourceTree = "<group>"; };
		047F1E251994AA420007EE70 /* TeachView.h */ = {isa = PBXFileReference; fileEncoding = 4; lastKnownFileType = sourcecode.c.h; path = TeachView.h; sourceTree = "<group>"; };
		047F1E261994AA420007EE70 /* TeachView.m */ = {isa = PBXFileReference; fileEncoding = 4; lastKnownFileType = sourcecode.c.objc; path = TeachView.m; sourceTree = "<group>"; };
		047F1E281994AA6D0007EE70 /* TeachCell.h */ = {isa = PBXFileReference; fileEncoding = 4; lastKnownFileType = sourcecode.c.h; path = TeachCell.h; sourceTree = "<group>"; };
		047F1E291994AA6D0007EE70 /* TeachCell.m */ = {isa = PBXFileReference; fileEncoding = 4; lastKnownFileType = sourcecode.c.objc; path = TeachCell.m; sourceTree = "<group>"; };
		047F1E2B1994AAA00007EE70 /* ShopCell.h */ = {isa = PBXFileReference; fileEncoding = 4; lastKnownFileType = sourcecode.c.h; path = ShopCell.h; sourceTree = "<group>"; };
		047F1E2C1994AAA00007EE70 /* ShopCell.m */ = {isa = PBXFileReference; fileEncoding = 4; lastKnownFileType = sourcecode.c.objc; path = ShopCell.m; sourceTree = "<group>"; };
		047F1E2E1994AAB00007EE70 /* ShopView.h */ = {isa = PBXFileReference; fileEncoding = 4; lastKnownFileType = sourcecode.c.h; path = ShopView.h; sourceTree = "<group>"; };
		047F1E2F1994AAB00007EE70 /* ShopView.m */ = {isa = PBXFileReference; fileEncoding = 4; lastKnownFileType = sourcecode.c.objc; path = ShopView.m; sourceTree = "<group>"; };
		047F1E311994AB170007EE70 /* 说明文件 */ = {isa = PBXFileReference; fileEncoding = 4; lastKnownFileType = text; path = "说明文件"; sourceTree = "<group>"; };
		047F1E331994AC7D0007EE70 /* CoupenView.h */ = {isa = PBXFileReference; fileEncoding = 4; lastKnownFileType = sourcecode.c.h; path = CoupenView.h; sourceTree = "<group>"; };
		047F1E341994AC7D0007EE70 /* CoupenView.m */ = {isa = PBXFileReference; fileEncoding = 4; lastKnownFileType = sourcecode.c.objc; path = CoupenView.m; sourceTree = "<group>"; };
		047F1E361994AC920007EE70 /* CoupenCell.h */ = {isa = PBXFileReference; fileEncoding = 4; lastKnownFileType = sourcecode.c.h; path = CoupenCell.h; sourceTree = "<group>"; };
		047F1E371994AC920007EE70 /* CoupenCell.m */ = {isa = PBXFileReference; fileEncoding = 4; lastKnownFileType = sourcecode.c.objc; path = CoupenCell.m; sourceTree = "<group>"; };
		047F1E391994C8510007EE70 /* UserInfo.h */ = {isa = PBXFileReference; fileEncoding = 4; lastKnownFileType = sourcecode.c.h; path = UserInfo.h; sourceTree = "<group>"; };
		047F1E3A1994C8510007EE70 /* UserInfo.m */ = {isa = PBXFileReference; fileEncoding = 4; lastKnownFileType = sourcecode.c.objc; path = UserInfo.m; sourceTree = "<group>"; };
		04AF1FA4199A09F600678A7D /* AccountManager.h */ = {isa = PBXFileReference; fileEncoding = 4; lastKnownFileType = sourcecode.c.h; path = AccountManager.h; sourceTree = "<group>"; };
		04AF1FA5199A09F600678A7D /* AccountManager.m */ = {isa = PBXFileReference; fileEncoding = 4; lastKnownFileType = sourcecode.c.objc; path = AccountManager.m; sourceTree = "<group>"; };
		04AF1FA6199A09F600678A7D /* DBManger_Define.h */ = {isa = PBXFileReference; fileEncoding = 4; lastKnownFileType = sourcecode.c.h; path = DBManger_Define.h; sourceTree = "<group>"; };
		04AF1FA7199A09F600678A7D /* FMDBManager+UserInfo.h */ = {isa = PBXFileReference; fileEncoding = 4; lastKnownFileType = sourcecode.c.h; path = "FMDBManager+UserInfo.h"; sourceTree = "<group>"; };
		04AF1FA8199A09F600678A7D /* FMDBManager+UserInfo.m */ = {isa = PBXFileReference; fileEncoding = 4; lastKnownFileType = sourcecode.c.objc; path = "FMDBManager+UserInfo.m"; sourceTree = "<group>"; };
		04AF1FA9199A09F600678A7D /* FMDBManager.h */ = {isa = PBXFileReference; fileEncoding = 4; lastKnownFileType = sourcecode.c.h; path = FMDBManager.h; sourceTree = "<group>"; };
		04AF1FAA199A09F600678A7D /* FMDBManager.m */ = {isa = PBXFileReference; fileEncoding = 4; lastKnownFileType = sourcecode.c.objc; path = FMDBManager.m; sourceTree = "<group>"; };
		04AF1FAE199A0A6C00678A7D /* DataManager.h */ = {isa = PBXFileReference; fileEncoding = 4; lastKnownFileType = sourcecode.c.h; path = DataManager.h; sourceTree = "<group>"; };
		04AF1FAF199A0A6C00678A7D /* DataManager.m */ = {isa = PBXFileReference; fileEncoding = 4; lastKnownFileType = sourcecode.c.objc; path = DataManager.m; sourceTree = "<group>"; };
		04AF1FB1199A168800678A7D /* AppStringConfig.h */ = {isa = PBXFileReference; fileEncoding = 4; lastKnownFileType = sourcecode.c.h; path = AppStringConfig.h; sourceTree = "<group>"; };
		04FD704019B44E8E0081AC22 /* HTTPRequestManager.h */ = {isa = PBXFileReference; fileEncoding = 4; lastKnownFileType = sourcecode.c.h; path = HTTPRequestManager.h; sourceTree = "<group>"; };
		04FD704119B44E8E0081AC22 /* HTTPRequestManager.m */ = {isa = PBXFileReference; fileEncoding = 4; lastKnownFileType = sourcecode.c.objc; path = HTTPRequestManager.m; sourceTree = "<group>"; };
		4FE55A25D9DB44379E2D7CFA /* libPods.a */ = {isa = PBXFileReference; explicitFileType = archive.ar; includeInIndex = 0; path = libPods.a; sourceTree = BUILT_PRODUCTS_DIR; };
		EE51F839785549778D4CCA73 /* Pods.xcconfig */ = {isa = PBXFileReference; includeInIndex = 1; lastKnownFileType = text.xcconfig; name = Pods.xcconfig; path = Pods/Pods.xcconfig; sourceTree = "<group>"; };
/* End PBXFileReference section */

/* Begin PBXFrameworksBuildPhase section */
		0425FD7F1990586200ABFFD6 /* Frameworks */ = {
			isa = PBXFrameworksBuildPhase;
			buildActionMask = 2147483647;
			files = (
				0419ADE619D14C8100F57B58 /* libmtasdk.a in Frameworks */,
				0419ADEF19D14D0B00F57B58 /* CoreTelephony.framework in Frameworks */,
				0419ADED19D14CF800F57B58 /* AdSupport.framework in Frameworks */,
				0419ADEB19D14CEA00F57B58 /* libsqlite3.dylib in Frameworks */,
				0419ADE919D14CD600F57B58 /* libz.dylib in Frameworks */,
				0425FD881990586200ABFFD6 /* CoreGraphics.framework in Frameworks */,
				0425FD8A1990586200ABFFD6 /* UIKit.framework in Frameworks */,
				0425FD861990586200ABFFD6 /* Foundation.framework in Frameworks */,
				32DAADAD5495403C8D29F3F2 /* libPods.a in Frameworks */,
			);
			runOnlyForDeploymentPostprocessing = 0;
		};
		0425FD9A1990586200ABFFD6 /* Frameworks */ = {
			isa = PBXFrameworksBuildPhase;
			buildActionMask = 2147483647;
			files = (
				0425FD9F1990586200ABFFD6 /* XCTest.framework in Frameworks */,
				0425FDA11990586200ABFFD6 /* UIKit.framework in Frameworks */,
				0425FDA01990586200ABFFD6 /* Foundation.framework in Frameworks */,
			);
			runOnlyForDeploymentPostprocessing = 0;
		};
/* End PBXFrameworksBuildPhase section */

/* Begin PBXGroup section */
		0411B99A19A6E73D00EA1FEB /* info */ = {
			isa = PBXGroup;
			children = (
				0411B99B19A6E76200EA1FEB /* LifeBaseinfo.h */,
				0411B99C19A6E76200EA1FEB /* LifeBaseinfo.m */,
				0411B99E19A6EABC00EA1FEB /* TakeawayInfo.h */,
				0411B99F19A6EABC00EA1FEB /* TakeawayInfo.m */,
				041C8F7419A8279700CE29FE /* WorkInfo.h */,
				041C8F7519A8279700CE29FE /* WorkInfo.m */,
				041C8F7719A8488600CE29FE /* TeachInfo.h */,
				041C8F7819A8488600CE29FE /* TeachInfo.m */,
				041C8F7A19AAB68300CE29FE /* ShopInfo.h */,
				041C8F7B19AAB68300CE29FE /* ShopInfo.m */,
				041C8F7D19AACF1C00CE29FE /* GroupenInfo.h */,
				041C8F7E19AACF1C00CE29FE /* GroupenInfo.m */,
			);
			path = info;
			sourceTree = "<group>";
		};
		0419ADE119D14C8100F57B58 /* Tencent_sdk */ = {
			isa = PBXGroup;
			children = (
				0419ADE219D14C8100F57B58 /* libmtasdk.a */,
				0419ADE319D14C8100F57B58 /* MTA.h */,
				0419ADE419D14C8100F57B58 /* MTAConfig.h */,
				0419ADE519D14C8100F57B58 /* ReleaseNotes.txt */,
			);
			path = Tencent_sdk;
			sourceTree = "<group>";
		};
		0419ADF919D16A7A00F57B58 /* SDWebImage */ = {
			isa = PBXGroup;
			children = (
				0419ADFA19D16A7A00F57B58 /* MKAnnotationView+WebCache.h */,
				0419ADFB19D16A7A00F57B58 /* MKAnnotationView+WebCache.m */,
				0419ADFC19D16A7A00F57B58 /* NSData+ImageContentType.h */,
				0419ADFD19D16A7A00F57B58 /* NSData+ImageContentType.m */,
				0419ADFE19D16A7A00F57B58 /* SDImageCache.h */,
				0419ADFF19D16A7A00F57B58 /* SDImageCache.m */,
				0419AE0019D16A7A00F57B58 /* SDWebImageCompat.h */,
				0419AE0119D16A7A00F57B58 /* SDWebImageCompat.m */,
				0419AE0219D16A7A00F57B58 /* SDWebImageDecoder.h */,
				0419AE0319D16A7A00F57B58 /* SDWebImageDecoder.m */,
				0419AE0419D16A7A00F57B58 /* SDWebImageDownloader.h */,
				0419AE0519D16A7A00F57B58 /* SDWebImageDownloader.m */,
				0419AE0619D16A7A00F57B58 /* SDWebImageDownloaderOperation.h */,
				0419AE0719D16A7A00F57B58 /* SDWebImageDownloaderOperation.m */,
				0419AE0819D16A7A00F57B58 /* SDWebImageManager.h */,
				0419AE0919D16A7A00F57B58 /* SDWebImageManager.m */,
				0419AE0A19D16A7A00F57B58 /* SDWebImageOperation.h */,
				0419AE0B19D16A7A00F57B58 /* SDWebImagePrefetcher.h */,
				0419AE0C19D16A7A00F57B58 /* SDWebImagePrefetcher.m */,
				0419AE0D19D16A7A00F57B58 /* UIButton+WebCache.h */,
				0419AE0E19D16A7A00F57B58 /* UIButton+WebCache.m */,
				0419AE0F19D16A7A00F57B58 /* UIImage+GIF.h */,
				0419AE1019D16A7A00F57B58 /* UIImage+GIF.m */,
				0419AE1119D16A7A00F57B58 /* UIImage+MultiFormat.h */,
				0419AE1219D16A7A00F57B58 /* UIImage+MultiFormat.m */,
				0419AE1319D16A7A00F57B58 /* UIImage+WebP.h */,
				0419AE1419D16A7A00F57B58 /* UIImage+WebP.m */,
				0419AE1519D16A7A00F57B58 /* UIImageView+HighlightedWebCache.h */,
				0419AE1619D16A7A00F57B58 /* UIImageView+HighlightedWebCache.m */,
				0419AE1719D16A7A00F57B58 /* UIImageView+WebCache.h */,
				0419AE1819D16A7A00F57B58 /* UIImageView+WebCache.m */,
				0419AE1919D16A7A00F57B58 /* UIView+WebCacheOperation.h */,
				0419AE1A19D16A7A00F57B58 /* UIView+WebCacheOperation.m */,
			);
			path = SDWebImage;
			sourceTree = "<group>";
		};
		0419AE6519D253CB00F57B58 /* JSONKit */ = {
			isa = PBXGroup;
			children = (
				0419AE6619D253CB00F57B58 /* JSONKit.h */,
				0419AE6719D253CB00F57B58 /* JSONKit.m */,
			);
			path = JSONKit;
			sourceTree = "<group>";
		};
		0425FD791990586200ABFFD6 = {
			isa = PBXGroup;
			children = (
				047A844E1991CA7F002A1486 /* UUSchool */,
				0425FDA41990586200ABFFD6 /* UUSchoolTests */,
				0425FD841990586200ABFFD6 /* Frameworks */,
				0425FD831990586200ABFFD6 /* Products */,
				EE51F839785549778D4CCA73 /* Pods.xcconfig */,
			);
			sourceTree = "<group>";
		};
		0425FD831990586200ABFFD6 /* Products */ = {
			isa = PBXGroup;
			children = (
				0425FD821990586200ABFFD6 /* UUSchool.app */,
				0425FD9D1990586200ABFFD6 /* UUSchoolTests.xctest */,
			);
			name = Products;
			sourceTree = "<group>";
		};
		0425FD841990586200ABFFD6 /* Frameworks */ = {
			isa = PBXGroup;
			children = (
				0419ADEE19D14D0B00F57B58 /* CoreTelephony.framework */,
				0419ADEC19D14CF800F57B58 /* AdSupport.framework */,
				0419ADEA19D14CEA00F57B58 /* libsqlite3.dylib */,
				0419ADE819D14CD600F57B58 /* libz.dylib */,
				0425FD851990586200ABFFD6 /* Foundation.framework */,
				0425FD871990586200ABFFD6 /* CoreGraphics.framework */,
				0425FD891990586200ABFFD6 /* UIKit.framework */,
				0425FD9E1990586200ABFFD6 /* XCTest.framework */,
				4FE55A25D9DB44379E2D7CFA /* libPods.a */,
			);
			name = Frameworks;
			sourceTree = "<group>";
		};
		0425FDA41990586200ABFFD6 /* UUSchoolTests */ = {
			isa = PBXGroup;
			children = (
				0425FDAA1990586200ABFFD6 /* UUSchoolTests.m */,
				0425FDA51990586200ABFFD6 /* Supporting Files */,
			);
			path = UUSchoolTests;
			sourceTree = "<group>";
		};
		0425FDA51990586200ABFFD6 /* Supporting Files */ = {
			isa = PBXGroup;
			children = (
				0425FDA61990586200ABFFD6 /* UUSchoolTests-Info.plist */,
				0425FDA71990586200ABFFD6 /* InfoPlist.strings */,
			);
			name = "Supporting Files";
			sourceTree = "<group>";
		};
		047A844E1991CA7F002A1486 /* UUSchool */ = {
			isa = PBXGroup;
			children = (
				047A844F1991CA7F002A1486 /* common */,
				047A84681991CA7F002A1486 /* customs */,
				047A847A1991CA7F002A1486 /* implement */,
				047A84A11991CA7F002A1486 /* source */,
				047A84A41991CA7F002A1486 /* UUAppDelegate.h */,
				047A84A51991CA7F002A1486 /* UUAppDelegate.m */,
				047A84981991CA7F002A1486 /* main.m */,
				047A84791991CA7F002A1486 /* Images.xcassets */,
				047A84A61991CA7F002A1486 /* UUSchool-Info.plist */,
				047A84771991CA7F002A1486 /* InfoPlist.strings */,
				047A84A71991CA7F002A1486 /* UUSchool-Prefix.pch */,
			);
			path = UUSchool;
			sourceTree = "<group>";
		};
		047A844F1991CA7F002A1486 /* common */ = {
			isa = PBXGroup;
			children = (
				0419AE6519D253CB00F57B58 /* JSONKit */,
				0419ADF919D16A7A00F57B58 /* SDWebImage */,
				0419ADE119D14C8100F57B58 /* Tencent_sdk */,
				04AF1FA3199A09F600678A7D /* manager */,
				047A84501991CA7F002A1486 /* category */,
				047A84571991CA7F002A1486 /* Configurator */,
				047A84591991CA7F002A1486 /* info */,
				047A845E1991CA7F002A1486 /* logger */,
				047A84631991CA7F002A1486 /* utils */,
			);
			path = common;
			sourceTree = "<group>";
		};
		047A84501991CA7F002A1486 /* category */ = {
			isa = PBXGroup;
			children = (
				047A84511991CA7F002A1486 /* NSString+URLEncoding.h */,
				047A84521991CA7F002A1486 /* NSString+URLEncoding.m */,
				047A84531991CA7F002A1486 /* UIBarButtonItem+Addition.h */,
				047A84541991CA7F002A1486 /* UIBarButtonItem+Addition.m */,
				047F1E221994A12A0007EE70 /* UIViewController+ReplaceView.h */,
				047F1E231994A12A0007EE70 /* UIViewController+ReplaceView.m */,
			);
			path = category;
			sourceTree = "<group>";
		};
		047A84571991CA7F002A1486 /* Configurator */ = {
			isa = PBXGroup;
			children = (
				047A84581991CA7F002A1486 /* AppConfig.h */,
				04AF1FB1199A168800678A7D /* AppStringConfig.h */,
			);
			path = Configurator;
			sourceTree = "<group>";
		};
		047A84591991CA7F002A1486 /* info */ = {
			isa = PBXGroup;
			children = (
				047A845A1991CA7F002A1486 /* AccountInfo.h */,
				047A845B1991CA7F002A1486 /* AccountInfo.m */,
				047A845C1991CA7F002A1486 /* ResultInfo.h */,
				047A845D1991CA7F002A1486 /* ResultInfo.m */,
				047F1E391994C8510007EE70 /* UserInfo.h */,
				047F1E3A1994C8510007EE70 /* UserInfo.m */,
			);
			path = info;
			sourceTree = "<group>";
		};
		047A845E1991CA7F002A1486 /* logger */ = {
			isa = PBXGroup;
			children = (
				047A845F1991CA7F002A1486 /* LoggerClient.h */,
				047A84601991CA7F002A1486 /* LoggerClient.m */,
				047A84611991CA7F002A1486 /* LoggerCommon.h */,
				047A84621991CA7F002A1486 /* NSLogger.h */,
			);
			path = logger;
			sourceTree = "<group>";
		};
		047A84631991CA7F002A1486 /* utils */ = {
			isa = PBXGroup;
			children = (
				047A84661991CA7F002A1486 /* Utils.h */,
				047A84671991CA7F002A1486 /* Utils.m */,
			);
			path = utils;
			sourceTree = "<group>";
		};
		047A84681991CA7F002A1486 /* customs */ = {
			isa = PBXGroup;
			children = (
				047A84691991CA7F002A1486 /* customView */,
				047A846E1991CA7F002A1486 /* introView */,
			);
			path = customs;
			sourceTree = "<group>";
		};
		047A84691991CA7F002A1486 /* customView */ = {
			isa = PBXGroup;
			children = (
				047A846A1991CA7F002A1486 /* CustemTabBar.h */,
				047A846B1991CA7F002A1486 /* CustemTabBar.m */,
				047A846C1991CA7F002A1486 /* MenuItem.h */,
				047A846D1991CA7F002A1486 /* MenuItem.m */,
				047A84C719922170002A1486 /* BaseContentView.h */,
				047A84C819922170002A1486 /* BaseContentView.m */,
				047F1E1319946D290007EE70 /* BaseCell.h */,
				047F1E1419946D290007EE70 /* BaseCell.m */,
				0412A7921998971D00A665AD /* BaseMenuView.h */,
				0412A7931998971D00A665AD /* BaseMenuView.m */,
				0412A7951998A3FF00A665AD /* RightMenuCell.h */,
				0412A7961998A3FF00A665AD /* RightMenuCell.m */,
				0411B99719A6C75E00EA1FEB /* HUD.h */,
				0411B99819A6C75E00EA1FEB /* HUD.m */,
			);
			path = customView;
			sourceTree = "<group>";
		};
		047A846E1991CA7F002A1486 /* introView */ = {
			isa = PBXGroup;
			children = (
				047A846F1991CA7F002A1486 /* CustomPage.h */,
				047A84701991CA7F002A1486 /* CustomPage.m */,
				047A84711991CA7F002A1486 /* IntroPage.h */,
				047A84721991CA7F002A1486 /* IntroPage.m */,
				047A84731991CA7F002A1486 /* IntroView.h */,
				047A84741991CA7F002A1486 /* IntroView.m */,
				047A84751991CA7F002A1486 /* IntroViewManager.h */,
				047A84761991CA7F002A1486 /* IntroViewManager.m */,
			);
			path = introView;
			sourceTree = "<group>";
		};
		047A847A1991CA7F002A1486 /* implement */ = {
			isa = PBXGroup;
			children = (
				047A847B1991CA7F002A1486 /* home */,
				047A84841991CA7F002A1486 /* life */,
				047A84891991CA7F002A1486 /* mine */,
				047A848E1991CA7F002A1486 /* School */,
				047A84931991CA7F002A1486 /* study */,
			);
			path = implement;
			sourceTree = "<group>";
		};
		047A847B1991CA7F002A1486 /* home */ = {
			isa = PBXGroup;
			children = (
				047A847C1991CA7F002A1486 /* controllers */,
				047A84811991CA7F002A1486 /* views */,
			);
			path = home;
			sourceTree = "<group>";
		};
		047A847C1991CA7F002A1486 /* controllers */ = {
			isa = PBXGroup;
			children = (
				047A847D1991CA7F002A1486 /* UUMainViewController.h */,
				047A847E1991CA7F002A1486 /* UUMainViewController.m */,
			);
			path = controllers;
			sourceTree = "<group>";
		};
		047A84811991CA7F002A1486 /* views */ = {
			isa = PBXGroup;
			children = (
				047A84821991CA7F002A1486 /* NVCMenuPanel.h */,
				047A84831991CA7F002A1486 /* NVCMenuPanel.m */,
			);
			path = views;
			sourceTree = "<group>";
		};
		047A84841991CA7F002A1486 /* life */ = {
			isa = PBXGroup;
			children = (
				0411B99A19A6E73D00EA1FEB /* info */,
				047A84851991CA7F002A1486 /* controllers */,
				047A84881991CA7F002A1486 /* views */,
			);
			path = life;
			sourceTree = "<group>";
		};
		047A84851991CA7F002A1486 /* controllers */ = {
			isa = PBXGroup;
			children = (
				047A84861991CA7F002A1486 /* LifeMainViewController.h */,
				047A84871991CA7F002A1486 /* LifeMainViewController.m */,
			);
			path = controllers;
			sourceTree = "<group>";
		};
		047A84881991CA7F002A1486 /* views */ = {
			isa = PBXGroup;
			children = (
				047F1E311994AB170007EE70 /* 说明文件 */,
				047A84CD1992FAC8002A1486 /* TakeawayView.h */,
				047A84CE1992FAC8002A1486 /* TakeawayView.m */,
				047F1E1619946D7C0007EE70 /* TakeawayCell.h */,
				047F1E1719946D7C0007EE70 /* TakeawayCell.m */,
				047F1E1C199481E30007EE70 /* FeatchWorkView.h */,
				047F1E1D199481E30007EE70 /* FeatchWorkView.m */,
				047F1E1F199482000007EE70 /* WorkCell.h */,
				047F1E20199482000007EE70 /* WorkCell.m */,
				047F1E251994AA420007EE70 /* TeachView.h */,
				047F1E261994AA420007EE70 /* TeachView.m */,
				047F1E281994AA6D0007EE70 /* TeachCell.h */,
				047F1E291994AA6D0007EE70 /* TeachCell.m */,
				047F1E2E1994AAB00007EE70 /* ShopView.h */,
				047F1E2F1994AAB00007EE70 /* ShopView.m */,
				047F1E2B1994AAA00007EE70 /* ShopCell.h */,
				047F1E2C1994AAA00007EE70 /* ShopCell.m */,
				047F1E331994AC7D0007EE70 /* CoupenView.h */,
				047F1E341994AC7D0007EE70 /* CoupenView.m */,
				047F1E361994AC920007EE70 /* CoupenCell.h */,
				047F1E371994AC920007EE70 /* CoupenCell.m */,
			);
			path = views;
			sourceTree = "<group>";
		};
		047A84891991CA7F002A1486 /* mine */ = {
			isa = PBXGroup;
			children = (
				047A848A1991CA7F002A1486 /* controllers */,
				047A848D1991CA7F002A1486 /* views */,
			);
			path = mine;
			sourceTree = "<group>";
		};
		047A848A1991CA7F002A1486 /* controllers */ = {
			isa = PBXGroup;
			children = (
				047A848B1991CA7F002A1486 /* MineMainViewController.h */,
				047A848C1991CA7F002A1486 /* MineMainViewController.m */,
			);
			path = controllers;
			sourceTree = "<group>";
		};
		047A848D1991CA7F002A1486 /* views */ = {
			isa = PBXGroup;
			children = (
			);
			path = views;
			sourceTree = "<group>";
		};
		047A848E1991CA7F002A1486 /* School */ = {
			isa = PBXGroup;
			children = (
				047A848F1991CA7F002A1486 /* controllers */,
				047A84921991CA7F002A1486 /* views */,
			);
			path = School;
			sourceTree = "<group>";
		};
		047A848F1991CA7F002A1486 /* controllers */ = {
			isa = PBXGroup;
			children = (
				047A84901991CA7F002A1486 /* SchoolMainViewController.h */,
				047A84911991CA7F002A1486 /* SchoolMainViewController.m */,
			);
			path = controllers;
			sourceTree = "<group>";
		};
		047A84921991CA7F002A1486 /* views */ = {
			isa = PBXGroup;
			children = (
			);
			path = views;
			sourceTree = "<group>";
		};
		047A84931991CA7F002A1486 /* study */ = {
			isa = PBXGroup;
			children = (
				047A84941991CA7F002A1486 /* controllers */,
				047A84971991CA7F002A1486 /* views */,
			);
			path = study;
			sourceTree = "<group>";
		};
		047A84941991CA7F002A1486 /* controllers */ = {
			isa = PBXGroup;
			children = (
				047A84951991CA7F002A1486 /* StudyMainViewController.h */,
				047A84961991CA7F002A1486 /* StudyMainViewController.m */,
			);
			path = controllers;
			sourceTree = "<group>";
		};
		047A84971991CA7F002A1486 /* views */ = {
			isa = PBXGroup;
			children = (
			);
			path = views;
			sourceTree = "<group>";
		};
		047A84A11991CA7F002A1486 /* source */ = {
			isa = PBXGroup;
			children = (
				047A84A21991CA7F002A1486 /* navigation_menu_img.png */,
				047A84A31991CA7F002A1486 /* navigation_menu_img_p.png */,
			);
			path = source;
			sourceTree = "<group>";
		};
		04AF1FA3199A09F600678A7D /* manager */ = {
			isa = PBXGroup;
			children = (
				04AF1FA4199A09F600678A7D /* AccountManager.h */,
				04AF1FA5199A09F600678A7D /* AccountManager.m */,
				04AF1FA6199A09F600678A7D /* DBManger_Define.h */,
				04AF1FA7199A09F600678A7D /* FMDBManager+UserInfo.h */,
				04AF1FA8199A09F600678A7D /* FMDBManager+UserInfo.m */,
				04AF1FA9199A09F600678A7D /* FMDBManager.h */,
				04AF1FAA199A09F600678A7D /* FMDBManager.m */,
				04AF1FAE199A0A6C00678A7D /* DataManager.h */,
				04AF1FAF199A0A6C00678A7D /* DataManager.m */,
				04FD704019B44E8E0081AC22 /* HTTPRequestManager.h */,
				04FD704119B44E8E0081AC22 /* HTTPRequestManager.m */,
				044561BC19ECB29D002DACF3 /* AppCache.h */,
				044561BD19ECB29D002DACF3 /* AppCache.m */,
			);
			path = manager;
			sourceTree = "<group>";
		};
/* End PBXGroup section */

/* Begin PBXNativeTarget section */
		0425FD811990586200ABFFD6 /* UUSchool */ = {
			isa = PBXNativeTarget;
			buildConfigurationList = 0425FDAE1990586200ABFFD6 /* Build configuration list for PBXNativeTarget "UUSchool" */;
			buildPhases = (
				F794F52DA006401097BDA1C5 /* Check Pods Manifest.lock */,
				0425FD7E1990586200ABFFD6 /* Sources */,
				0425FD7F1990586200ABFFD6 /* Frameworks */,
				0425FD801990586200ABFFD6 /* Resources */,
				219DC97874E64FEA9A56DB57 /* Copy Pods Resources */,
			);
			buildRules = (
			);
			dependencies = (
			);
			name = UUSchool;
			productName = UUSchool;
			productReference = 0425FD821990586200ABFFD6 /* UUSchool.app */;
			productType = "com.apple.product-type.application";
		};
		0425FD9C1990586200ABFFD6 /* UUSchoolTests */ = {
			isa = PBXNativeTarget;
			buildConfigurationList = 0425FDB11990586200ABFFD6 /* Build configuration list for PBXNativeTarget "UUSchoolTests" */;
			buildPhases = (
				0425FD991990586200ABFFD6 /* Sources */,
				0425FD9A1990586200ABFFD6 /* Frameworks */,
				0425FD9B1990586200ABFFD6 /* Resources */,
			);
			buildRules = (
			);
			dependencies = (
				0425FDA31990586200ABFFD6 /* PBXTargetDependency */,
			);
			name = UUSchoolTests;
			productName = UUSchoolTests;
			productReference = 0425FD9D1990586200ABFFD6 /* UUSchoolTests.xctest */;
			productType = "com.apple.product-type.bundle.unit-test";
		};
/* End PBXNativeTarget section */

/* Begin PBXProject section */
		0425FD7A1990586200ABFFD6 /* Project object */ = {
			isa = PBXProject;
			attributes = {
				CLASSPREFIX = UU;
				LastUpgradeCheck = 0510;
				ORGANIZATIONNAME = "青格勒图";
				TargetAttributes = {
					0425FD811990586200ABFFD6 = {
						DevelopmentTeam = Q859987Y2V;
					};
					0425FD9C1990586200ABFFD6 = {
						TestTargetID = 0425FD811990586200ABFFD6;
					};
				};
			};
			buildConfigurationList = 0425FD7D1990586200ABFFD6 /* Build configuration list for PBXProject "UUSchool" */;
			compatibilityVersion = "Xcode 3.2";
			developmentRegion = English;
			hasScannedForEncodings = 0;
			knownRegions = (
				en,
			);
			mainGroup = 0425FD791990586200ABFFD6;
			productRefGroup = 0425FD831990586200ABFFD6 /* Products */;
			projectDirPath = "";
			projectRoot = "";
			targets = (
				0425FD811990586200ABFFD6 /* UUSchool */,
				0425FD9C1990586200ABFFD6 /* UUSchoolTests */,
			);
		};
/* End PBXProject section */

/* Begin PBXResourcesBuildPhase section */
		0425FD801990586200ABFFD6 /* Resources */ = {
			isa = PBXResourcesBuildPhase;
			buildActionMask = 2147483647;
			files = (
				047A84B61991CA7F002A1486 /* InfoPlist.strings in Resources */,
				047A84C61991CA7F002A1486 /* UUSchool-Info.plist in Resources */,
				0419ADE719D14C8200F57B58 /* ReleaseNotes.txt in Resources */,
				047A84C31991CA7F002A1486 /* navigation_menu_img.png in Resources */,
				047A84B71991CA7F002A1486 /* Images.xcassets in Resources */,
				047A84C41991CA7F002A1486 /* navigation_menu_img_p.png in Resources */,
				047F1E321994AB170007EE70 /* 说明文件 in Resources */,
			);
			runOnlyForDeploymentPostprocessing = 0;
		};
		0425FD9B1990586200ABFFD6 /* Resources */ = {
			isa = PBXResourcesBuildPhase;
			buildActionMask = 2147483647;
			files = (
				0425FDA91990586200ABFFD6 /* InfoPlist.strings in Resources */,
			);
			runOnlyForDeploymentPostprocessing = 0;
		};
/* End PBXResourcesBuildPhase section */

/* Begin PBXShellScriptBuildPhase section */
		219DC97874E64FEA9A56DB57 /* Copy Pods Resources */ = {
			isa = PBXShellScriptBuildPhase;
			buildActionMask = 2147483647;
			files = (
			);
			inputPaths = (
			);
			name = "Copy Pods Resources";
			outputPaths = (
			);
			runOnlyForDeploymentPostprocessing = 0;
			shellPath = /bin/sh;
			shellScript = "\"${SRCROOT}/Pods/Pods-resources.sh\"\n";
			showEnvVarsInLog = 0;
		};
		F794F52DA006401097BDA1C5 /* Check Pods Manifest.lock */ = {
			isa = PBXShellScriptBuildPhase;
			buildActionMask = 2147483647;
			files = (
			);
			inputPaths = (
			);
			name = "Check Pods Manifest.lock";
			outputPaths = (
			);
			runOnlyForDeploymentPostprocessing = 0;
			shellPath = /bin/sh;
			shellScript = "diff \"${PODS_ROOT}/../Podfile.lock\" \"${PODS_ROOT}/Manifest.lock\" > /dev/null\nif [[ $? != 0 ]] ; then\n    cat << EOM\nerror: The sandbox is not in sync with the Podfile.lock. Run 'pod install' or update your CocoaPods installation.\nEOM\n    exit 1\nfi\n";
			showEnvVarsInLog = 0;
		};
/* End PBXShellScriptBuildPhase section */

/* Begin PBXSourcesBuildPhase section */
		0425FD7E1990586200ABFFD6 /* Sources */ = {
			isa = PBXSourcesBuildPhase;
			buildActionMask = 2147483647;
			files = (
				047A84BA1991CA7F002A1486 /* NVCMenuPanel.m in Sources */,
				047A84BB1991CA7F002A1486 /* LifeMainViewController.m in Sources */,
				0419AE2819D16A7A00F57B58 /* UIImageView+HighlightedWebCache.m in Sources */,
				044561BE19ECB29D002DACF3 /* AppCache.m in Sources */,
				047F1E301994AAB00007EE70 /* ShopView.m in Sources */,
				0419AE2A19D16A7A00F57B58 /* UIView+WebCacheOperation.m in Sources */,
				0419AE2119D16A7A00F57B58 /* SDWebImageDownloaderOperation.m in Sources */,
				047A84C51991CA7F002A1486 /* UUAppDelegate.m in Sources */,
				0412A7941998971D00A665AD /* BaseMenuView.m in Sources */,
				0411B9A019A6EABC00EA1FEB /* TakeawayInfo.m in Sources */,
				0411B99919A6C75E00EA1FEB /* HUD.m in Sources */,
				047F1E2D1994AAA00007EE70 /* ShopCell.m in Sources */,
				04AF1FAD199A09F600678A7D /* FMDBManager.m in Sources */,
				047F1E21199482000007EE70 /* WorkCell.m in Sources */,
				047F1E1E199481E30007EE70 /* FeatchWorkView.m in Sources */,
				041C8F7C19AAB68300CE29FE /* ShopInfo.m in Sources */,
				047F1E1519946D290007EE70 /* BaseCell.m in Sources */,
				047A84B21991CA7F002A1486 /* CustomPage.m in Sources */,
				0419AE1B19D16A7A00F57B58 /* MKAnnotationView+WebCache.m in Sources */,
				047A84B41991CA7F002A1486 /* IntroView.m in Sources */,
				041C8F7919A8488600CE29FE /* TeachInfo.m in Sources */,
				047A84AD1991CA7F002A1486 /* LoggerClient.m in Sources */,
				041C8F7F19AACF1C00CE29FE /* GroupenInfo.m in Sources */,
				047A84B81991CA7F002A1486 /* UUMainViewController.m in Sources */,
				0419AE2219D16A7A00F57B58 /* SDWebImageManager.m in Sources */,
				047F1E3B1994C8510007EE70 /* UserInfo.m in Sources */,
				047A84BC1991CA7F002A1486 /* MineMainViewController.m in Sources */,
				0419AE2619D16A7A00F57B58 /* UIImage+MultiFormat.m in Sources */,
				0419AE2319D16A7A00F57B58 /* SDWebImagePrefetcher.m in Sources */,
				0419AE2919D16A7A00F57B58 /* UIImageView+WebCache.m in Sources */,
				047A84A91991CA7F002A1486 /* UIBarButtonItem+Addition.m in Sources */,
				047F1E351994AC7D0007EE70 /* CoupenView.m in Sources */,
				047A84B51991CA7F002A1486 /* IntroViewManager.m in Sources */,
				0419AE6819D253CB00F57B58 /* JSONKit.m in Sources */,
				047F1E271994AA420007EE70 /* TeachView.m in Sources */,
				0419AE1F19D16A7A00F57B58 /* SDWebImageDecoder.m in Sources */,
				04AF1FAB199A09F600678A7D /* AccountManager.m in Sources */,
				047A84AF1991CA7F002A1486 /* Utils.m in Sources */,
				047F1E1819946D7C0007EE70 /* TakeawayCell.m in Sources */,
				047A84AB1991CA7F002A1486 /* AccountInfo.m in Sources */,
				0419AE1E19D16A7A00F57B58 /* SDWebImageCompat.m in Sources */,
				047A84A81991CA7F002A1486 /* NSString+URLEncoding.m in Sources */,
				0419AE2419D16A7A00F57B58 /* UIButton+WebCache.m in Sources */,
				0412A7971998A3FF00A665AD /* RightMenuCell.m in Sources */,
				04AF1FAC199A09F600678A7D /* FMDBManager+UserInfo.m in Sources */,
				047A84BE1991CA7F002A1486 /* StudyMainViewController.m in Sources */,
				047A84B01991CA7F002A1486 /* CustemTabBar.m in Sources */,
				047F1E241994A12A0007EE70 /* UIViewController+ReplaceView.m in Sources */,
				0419AE2019D16A7A00F57B58 /* SDWebImageDownloader.m in Sources */,
				0419AE2719D16A7A00F57B58 /* UIImage+WebP.m in Sources */,
				041C8F7619A8279700CE29FE /* WorkInfo.m in Sources */,
				0419AE1D19D16A7A00F57B58 /* SDImageCache.m in Sources */,
				047A84AC1991CA7F002A1486 /* ResultInfo.m in Sources */,
				047A84C919922170002A1486 /* BaseContentView.m in Sources */,
				047A84BD1991CA7F002A1486 /* SchoolMainViewController.m in Sources */,
				0419AE1C19D16A7A00F57B58 /* NSData+ImageContentType.m in Sources */,
				047A84CF1992FAC8002A1486 /* TakeawayView.m in Sources */,
				0419AE2519D16A7A00F57B58 /* UIImage+GIF.m in Sources */,
				047A84B11991CA7F002A1486 /* MenuItem.m in Sources */,
				04AF1FB0199A0A6C00678A7D /* DataManager.m in Sources */,
				047A84BF1991CA7F002A1486 /* main.m in Sources */,
				04FD704219B44E8E0081AC22 /* HTTPRequestManager.m in Sources */,
				0411B99D19A6E76200EA1FEB /* LifeBaseinfo.m in Sources */,
				047F1E381994AC920007EE70 /* CoupenCell.m in Sources */,
				047A84B31991CA7F002A1486 /* IntroPage.m in Sources */,
				047F1E2A1994AA6D0007EE70 /* TeachCell.m in Sources */,
			);
			runOnlyForDeploymentPostprocessing = 0;
		};
		0425FD991990586200ABFFD6 /* Sources */ = {
			isa = PBXSourcesBuildPhase;
			buildActionMask = 2147483647;
			files = (
				0425FDAB1990586200ABFFD6 /* UUSchoolTests.m in Sources */,
			);
			runOnlyForDeploymentPostprocessing = 0;
		};
/* End PBXSourcesBuildPhase section */

/* Begin PBXTargetDependency section */
		0425FDA31990586200ABFFD6 /* PBXTargetDependency */ = {
			isa = PBXTargetDependency;
			target = 0425FD811990586200ABFFD6 /* UUSchool */;
			targetProxy = 0425FDA21990586200ABFFD6 /* PBXContainerItemProxy */;
		};
/* End PBXTargetDependency section */

/* Begin PBXVariantGroup section */
		0425FDA71990586200ABFFD6 /* InfoPlist.strings */ = {
			isa = PBXVariantGroup;
			children = (
				0425FDA81990586200ABFFD6 /* en */,
			);
			name = InfoPlist.strings;
			sourceTree = "<group>";
		};
		047A84771991CA7F002A1486 /* InfoPlist.strings */ = {
			isa = PBXVariantGroup;
			children = (
				047A84781991CA7F002A1486 /* en */,
			);
			name = InfoPlist.strings;
			sourceTree = "<group>";
		};
/* End PBXVariantGroup section */

/* Begin XCBuildConfiguration section */
		0425FDAC1990586200ABFFD6 /* Debug */ = {
			isa = XCBuildConfiguration;
			buildSettings = {
				ALWAYS_SEARCH_USER_PATHS = NO;
				CLANG_CXX_LANGUAGE_STANDARD = "gnu++0x";
				CLANG_CXX_LIBRARY = "libc++";
				CLANG_ENABLE_MODULES = YES;
				CLANG_ENABLE_OBJC_ARC = YES;
				CLANG_WARN_BOOL_CONVERSION = YES;
				CLANG_WARN_CONSTANT_CONVERSION = YES;
				CLANG_WARN_DIRECT_OBJC_ISA_USAGE = YES_ERROR;
				CLANG_WARN_EMPTY_BODY = YES;
				CLANG_WARN_ENUM_CONVERSION = YES;
				CLANG_WARN_INT_CONVERSION = YES;
				CLANG_WARN_OBJC_ROOT_CLASS = YES_ERROR;
				CLANG_WARN__DUPLICATE_METHOD_MATCH = YES;
				"CODE_SIGN_IDENTITY[sdk=iphoneos*]" = "iPhone Developer";
				COPY_PHASE_STRIP = NO;
				GCC_C_LANGUAGE_STANDARD = gnu99;
				GCC_DYNAMIC_NO_PIC = NO;
				GCC_OPTIMIZATION_LEVEL = 0;
				GCC_PREPROCESSOR_DEFINITIONS = (
					"DEBUG=1",
					"$(inherited)",
				);
				GCC_SYMBOLS_PRIVATE_EXTERN = NO;
				GCC_WARN_64_TO_32_BIT_CONVERSION = YES;
				GCC_WARN_ABOUT_RETURN_TYPE = YES_ERROR;
				GCC_WARN_UNDECLARED_SELECTOR = YES;
				GCC_WARN_UNINITIALIZED_AUTOS = YES_AGGRESSIVE;
				GCC_WARN_UNUSED_FUNCTION = YES;
				GCC_WARN_UNUSED_VARIABLE = YES;
				IPHONEOS_DEPLOYMENT_TARGET = 7.1;
				ONLY_ACTIVE_ARCH = YES;
				SDKROOT = iphoneos;
			};
			name = Debug;
		};
		0425FDAD1990586200ABFFD6 /* Release */ = {
			isa = XCBuildConfiguration;
			buildSettings = {
				ALWAYS_SEARCH_USER_PATHS = NO;
				CLANG_CXX_LANGUAGE_STANDARD = "gnu++0x";
				CLANG_CXX_LIBRARY = "libc++";
				CLANG_ENABLE_MODULES = YES;
				CLANG_ENABLE_OBJC_ARC = YES;
				CLANG_WARN_BOOL_CONVERSION = YES;
				CLANG_WARN_CONSTANT_CONVERSION = YES;
				CLANG_WARN_DIRECT_OBJC_ISA_USAGE = YES_ERROR;
				CLANG_WARN_EMPTY_BODY = YES;
				CLANG_WARN_ENUM_CONVERSION = YES;
				CLANG_WARN_INT_CONVERSION = YES;
				CLANG_WARN_OBJC_ROOT_CLASS = YES_ERROR;
				CLANG_WARN__DUPLICATE_METHOD_MATCH = YES;
				"CODE_SIGN_IDENTITY[sdk=iphoneos*]" = "iPhone Developer";
				COPY_PHASE_STRIP = YES;
				ENABLE_NS_ASSERTIONS = NO;
				GCC_C_LANGUAGE_STANDARD = gnu99;
				GCC_WARN_64_TO_32_BIT_CONVERSION = YES;
				GCC_WARN_ABOUT_RETURN_TYPE = YES_ERROR;
				GCC_WARN_UNDECLARED_SELECTOR = YES;
				GCC_WARN_UNINITIALIZED_AUTOS = YES_AGGRESSIVE;
				GCC_WARN_UNUSED_FUNCTION = YES;
				GCC_WARN_UNUSED_VARIABLE = YES;
				IPHONEOS_DEPLOYMENT_TARGET = 7.1;
				SDKROOT = iphoneos;
				VALIDATE_PRODUCT = YES;
			};
			name = Release;
		};
		0425FDAF1990586200ABFFD6 /* Debug */ = {
			isa = XCBuildConfiguration;
			baseConfigurationReference = EE51F839785549778D4CCA73 /* Pods.xcconfig */;
			buildSettings = {
				ASSETCATALOG_COMPILER_APPICON_NAME = AppIcon;
				ASSETCATALOG_COMPILER_LAUNCHIMAGE_NAME = LaunchImage;
				CODE_SIGN_IDENTITY = "iPhone Developer";
				"CODE_SIGN_IDENTITY[sdk=iphoneos*]" = "iPhone Developer";
				GCC_PRECOMPILE_PREFIX_HEADER = YES;
				GCC_PREFIX_HEADER = "UUSchool/UUSchool-Prefix.pch";
				INFOPLIST_FILE = "UUSchool/UUSchool-Info.plist";
				IPHONEOS_DEPLOYMENT_TARGET = 7.0;
				LIBRARY_SEARCH_PATHS = (
					"$(inherited)",
					"$(PROJECT_DIR)/UUSchool/common/Tencent_sdk",
				);
				OTHER_LDFLAGS = (
					"-lsqlite3",
					"-lxml2.2",
					"-lz.1",
					"-framework",
					CFNetwork,
					"-framework",
					CoreGraphics,
					"-framework",
					ImageIO,
					"-framework",
					MobileCoreServices,
					"-framework",
					SystemConfiguration,
				);
				PRODUCT_NAME = "$(TARGET_NAME)";
				PROVISIONING_PROFILE = "";
				TARGETED_DEVICE_FAMILY = "1,2";
				WRAPPER_EXTENSION = app;
			};
			name = Debug;
		};
		0425FDB01990586200ABFFD6 /* Release */ = {
			isa = XCBuildConfiguration;
			baseConfigurationReference = EE51F839785549778D4CCA73 /* Pods.xcconfig */;
			buildSettings = {
				ASSETCATALOG_COMPILER_APPICON_NAME = AppIcon;
				ASSETCATALOG_COMPILER_LAUNCHIMAGE_NAME = LaunchImage;
				CODE_SIGN_IDENTITY = "iPhone Developer";
				"CODE_SIGN_IDENTITY[sdk=iphoneos*]" = "iPhone Developer";
				GCC_PRECOMPILE_PREFIX_HEADER = YES;
				GCC_PREFIX_HEADER = "UUSchool/UUSchool-Prefix.pch";
				INFOPLIST_FILE = "UUSchool/UUSchool-Info.plist";
				IPHONEOS_DEPLOYMENT_TARGET = 7.0;
				LIBRARY_SEARCH_PATHS = (
					"$(inherited)",
					"$(PROJECT_DIR)/UUSchool/common/Tencent_sdk",
				);
				OTHER_LDFLAGS = (
					"-lsqlite3",
					"-lxml2.2",
					"-lz.1",
					"-framework",
					CFNetwork,
					"-framework",
					CoreGraphics,
					"-framework",
					ImageIO,
					"-framework",
					MobileCoreServices,
					"-framework",
					SystemConfiguration,
					"-force_load",
					"$(BUILT_PRODUCTS_DIR)/",
				);
				PRODUCT_NAME = "$(TARGET_NAME)";
				PROVISIONING_PROFILE = "";
				TARGETED_DEVICE_FAMILY = "1,2";
				WRAPPER_EXTENSION = app;
			};
			name = Release;
		};
		0425FDB21990586200ABFFD6 /* Debug */ = {
			isa = XCBuildConfiguration;
			buildSettings = {
				BUNDLE_LOADER = "$(BUILT_PRODUCTS_DIR)/UUSchool.app/UUSchool";
				FRAMEWORK_SEARCH_PATHS = (
					"$(SDKROOT)/Developer/Library/Frameworks",
					"$(inherited)",
					"$(DEVELOPER_FRAMEWORKS_DIR)",
				);
				GCC_PRECOMPILE_PREFIX_HEADER = YES;
				GCC_PREFIX_HEADER = "UUSchool/UUSchool-Prefix.pch";
				GCC_PREPROCESSOR_DEFINITIONS = (
					"DEBUG=1",
					"$(inherited)",
				);
				INFOPLIST_FILE = "UUSchoolTests/UUSchoolTests-Info.plist";
				PRODUCT_NAME = "$(TARGET_NAME)";
				TEST_HOST = "$(BUNDLE_LOADER)";
				WRAPPER_EXTENSION = xctest;
			};
			name = Debug;
		};
		0425FDB31990586200ABFFD6 /* Release */ = {
			isa = XCBuildConfiguration;
			buildSettings = {
				BUNDLE_LOADER = "$(BUILT_PRODUCTS_DIR)/UUSchool.app/UUSchool";
				FRAMEWORK_SEARCH_PATHS = (
					"$(SDKROOT)/Developer/Library/Frameworks",
					"$(inherited)",
					"$(DEVELOPER_FRAMEWORKS_DIR)",
				);
				GCC_PRECOMPILE_PREFIX_HEADER = YES;
				GCC_PREFIX_HEADER = "UUSchool/UUSchool-Prefix.pch";
				INFOPLIST_FILE = "UUSchoolTests/UUSchoolTests-Info.plist";
				PRODUCT_NAME = "$(TARGET_NAME)";
				TEST_HOST = "$(BUNDLE_LOADER)";
				WRAPPER_EXTENSION = xctest;
			};
			name = Release;
		};
/* End XCBuildConfiguration section */

/* Begin XCConfigurationList section */
		0425FD7D1990586200ABFFD6 /* Build configuration list for PBXProject "UUSchool" */ = {
			isa = XCConfigurationList;
			buildConfigurations = (
				0425FDAC1990586200ABFFD6 /* Debug */,
				0425FDAD1990586200ABFFD6 /* Release */,
			);
			defaultConfigurationIsVisible = 0;
			defaultConfigurationName = Release;
		};
		0425FDAE1990586200ABFFD6 /* Build configuration list for PBXNativeTarget "UUSchool" */ = {
			isa = XCConfigurationList;
			buildConfigurations = (
				0425FDAF1990586200ABFFD6 /* Debug */,
				0425FDB01990586200ABFFD6 /* Release */,
			);
			defaultConfigurationIsVisible = 0;
			defaultConfigurationName = Release;
		};
		0425FDB11990586200ABFFD6 /* Build configuration list for PBXNativeTarget "UUSchoolTests" */ = {
			isa = XCConfigurationList;
			buildConfigurations = (
				0425FDB21990586200ABFFD6 /* Debug */,
				0425FDB31990586200ABFFD6 /* Release */,
			);
			defaultConfigurationIsVisible = 0;
			defaultConfigurationName = Release;
		};
/* End XCConfigurationList section */
	};
	rootObject = 0425FD7A1990586200ABFFD6 /* Project object */;
}
